// !$*UTF8*$!
{
	archiveVersion = 1;
	classes = {
	};
	objectVersion = 46;
	objects = {

/* Begin PBXBuildFile section */
		81EB2B4F1CC60D8400F4459F /* AppDelegate.swift in Sources */ = {isa = PBXBuildFile; fileRef = 81EB2B4E1CC60D8400F4459F /* AppDelegate.swift */; };
		81EB2B511CC60D8400F4459F /* ViewController.swift in Sources */ = {isa = PBXBuildFile; fileRef = 81EB2B501CC60D8400F4459F /* ViewController.swift */; };
		81EB2B541CC60D8400F4459F /* Main.storyboard in Resources */ = {isa = PBXBuildFile; fileRef = 81EB2B521CC60D8400F4459F /* Main.storyboard */; };
		81EB2B561CC60D8400F4459F /* Assets.xcassets in Resources */ = {isa = PBXBuildFile; fileRef = 81EB2B551CC60D8400F4459F /* Assets.xcassets */; };
		81EB2B591CC60D8400F4459F /* LaunchScreen.storyboard in Resources */ = {isa = PBXBuildFile; fileRef = 81EB2B571CC60D8400F4459F /* LaunchScreen.storyboard */; };
/* End PBXBuildFile section */

/* Begin PBXFileReference section */
		81EB2B4B1CC60D8400F4459F /* SenderDemo.app */ = {isa = PBXFileReference; explicitFileType = wrapper.application; includeInIndex = 0; path = SenderDemo.app; sourceTree = BUILT_PRODUCTS_DIR; };
		81EB2B4E1CC60D8400F4459F /* AppDelegate.swift */ = {isa = PBXFileReference; lastKnownFileType = sourcecode.swift; path = AppDelegate.swift; sourceTree = "<group>"; };
		81EB2B501CC60D8400F4459F /* ViewController.swift */ = {isa = PBXFileReference; lastKnownFileType = sourcecode.swift; path = ViewController.swift; sourceTree = "<group>"; };
		81EB2B531CC60D8400F4459F /* Base */ = {isa = PBXFileReference; lastKnownFileType = file.storyboard; name = Base; path = Base.lproj/Main.storyboard; sourceTree = "<group>"; };
		81EB2B551CC60D8400F4459F /* Assets.xcassets */ = {isa = PBXFileReference; lastKnownFileType = folder.assetcatalog; path = Assets.xcassets; sourceTree = "<group>"; };
		81EB2B581CC60D8400F4459F /* Base */ = {isa = PBXFileReference; lastKnownFileType = file.storyboard; name = Base; path = Base.lproj/LaunchScreen.storyboard; sourceTree = "<group>"; };
		81EB2B5A1CC60D8400F4459F /* Info.plist */ = {isa = PBXFileReference; lastKnownFileType = text.plist.xml; path = Info.plist; sourceTree = "<group>"; };
/* End PBXFileReference section */

/* Begin PBXFrameworksBuildPhase section */
		81EB2B481CC60D8400F4459F /* Frameworks */ = {
			isa = PBXFrameworksBuildPhase;
			buildActionMask = 2147483647;
			files = (
			);
			runOnlyForDeploymentPostprocessing = 0;
		};
/* End PBXFrameworksBuildPhase section */

/* Begin PBXGroup section */
		81EB2B421CC60D8400F4459F = {
			isa = PBXGroup;
			children = (
				81EB2B4D1CC60D8400F4459F /* SenderDemo */,
				81EB2B4C1CC60D8400F4459F /* Products */,
			);
			sourceTree = "<group>";
		};
		81EB2B4C1CC60D8400F4459F /* Products */ = {
			isa = PBXGroup;
			children = (
				81EB2B4B1CC60D8400F4459F /* SenderDemo.app */,
			);
			name = Products;
			sourceTree = "<group>";
		};
		81EB2B4D1CC60D8400F4459F /* SenderDemo */ = {
			isa = PBXGroup;
			children = (
				81EB2B4E1CC60D8400F4459F /* AppDelegate.swift */,
				81EB2B501CC60D8400F4459F /* ViewController.swift */,
				81EB2B521CC60D8400F4459F /* Main.storyboard */,
				81EB2B551CC60D8400F4459F /* Assets.xcassets */,
				81EB2B571CC60D8400F4459F /* LaunchScreen.storyboard */,
				81EB2B5A1CC60D8400F4459F /* Info.plist */,
			);
			path = SenderDemo;
			sourceTree = "<group>";
		};
/* End PBXGroup section */

/* Begin PBXNativeTarget section */
		81EB2B4A1CC60D8400F4459F /* SenderDemo */ = {
			isa = PBXNativeTarget;
			buildConfigurationList = 81EB2B5D1CC60D8400F4459F /* Build configuration list for PBXNativeTarget "SenderDemo" */;
			buildPhases = (
				81EB2B471CC60D8400F4459F /* Sources */,
				81EB2B481CC60D8400F4459F /* Frameworks */,
				81EB2B491CC60D8400F4459F /* Resources */,
			);
			buildRules = (
			);
			dependencies = (
			);
			name = SenderDemo;
			productName = SenderDemo;
			productReference = 81EB2B4B1CC60D8400F4459F /* SenderDemo.app */;
			productType = "com.apple.product-type.application";
		};
/* End PBXNativeTarget section */

/* Begin PBXProject section */
		81EB2B431CC60D8400F4459F /* Project object */ = {
			isa = PBXProject;
			attributes = {
				LastSwiftUpdateCheck = 0730;
				LastUpgradeCheck = 0730;
				ORGANIZATIONNAME = AsiaInfo;
				TargetAttributes = {
					81EB2B4A1CC60D8400F4459F = {
						CreatedOnToolsVersion = 7.3;
					};
				};
			};
			buildConfigurationList = 81EB2B461CC60D8400F4459F /* Build configuration list for PBXProject "SenderDemo" */;
			compatibilityVersion = "Xcode 3.2";
			developmentRegion = English;
			hasScannedForEncodings = 0;
			knownRegions = (
				en,
				Base,
			);
			mainGroup = 81EB2B421CC60D8400F4459F;
			productRefGroup = 81EB2B4C1CC60D8400F4459F /* Products */;
			projectDirPath = "";
			projectRoot = "";
			targets = (
				81EB2B4A1CC60D8400F4459F /* SenderDemo */,
			);
		};
/* End PBXProject section */

/* Begin PBXResourcesBuildPhase section */
		81EB2B491CC60D8400F4459F /* Resources */ = {
			isa = PBXResourcesBuildPhase;
			buildActionMask = 2147483647;
			files = (
				81EB2B591CC60D8400F4459F /* LaunchScreen.storyboard in Resources */,
				81EB2B561CC60D8400F4459F /* Assets.xcassets in Resources */,
				81EB2B541CC60D8400F4459F /* Main.storyboard in Resources */,
			);
			runOnlyForDeploymentPostprocessing = 0;
		};
/* End PBXResourcesBuildPhase section */

/* Begin PBXSourcesBuildPhase section */
		81EB2B471CC60D8400F4459F /* Sources */ = {
			isa = PBXSourcesBuildPhase;
			buildActionMask = 2147483647;
			files = (
				81EB2B511CC60D8400F4459F /* ViewController.swift in Sources */,
				81EB2B4F1CC60D8400F4459F /* AppDelegate.swift in Sources */,
			);
			runOnlyForDeploymentPostprocessing = 0;
		};
/* End PBXSourcesBuildPhase section */

/* Begin PBXVariantGroup section */
		81EB2B521CC60D8400F4459F /* Main.storyboard */ = {
			isa = PBXVariantGroup;
			children = (
				81EB2B531CC60D8400F4459F /* Base */,
			);
			name = Main.storyboard;
			sourceTree = "<group>";
		};
		81EB2B571CC60D8400F4459F /* LaunchScreen.storyboard */ = {
			isa = PBXVariantGroup;
			children = (
				81EB2B581CC60D8400F4459F /* Base */,
			);
			name = LaunchScreen.storyboard;
			sourceTree = "<group>";
		};
/* End PBXVariantGroup section */

/* Begin XCBuildConfiguration section */
		81EB2B5B1CC60D8400F4459F /* Debug */ = {
			isa = XCBuildConfiguration;
			buildSettings = {
				ALWAYS_SEARCH_USER_PATHS = NO;
				CLANG_ANALYZER_NONNULL = YES;
				CLANG_CXX_LANGUAGE_STANDARD = "gnu++0x";
				CLANG_CXX_LIBRARY = "libc++";
				CLANG_ENABLE_MODULES = YES;
				CLANG_ENABLE_OBJC_ARC = YES;
				CLANG_WARN_BOOL_CONVERSION = YES;
				CLANG_WARN_CONSTANT_CONVERSION = YES;
				CLANG_WARN_DIRECT_OBJC_ISA_USAGE = YES_ERROR;
				CLANG_WARN_EMPTY_BODY = YES;
				CLANG_WARN_ENUM_CONVERSION = YES;
				CLANG_WARN_INT_CONVERSION = YES;
				CLANG_WARN_OBJC_ROOT_CLASS = YES_ERROR;
				CLANG_WARN_UNREACHABLE_CODE = YES;
				CLANG_WARN__DUPLICATE_METHOD_MATCH = YES;
				"CODE_SIGN_IDENTITY[sdk=iphoneos*]" = "iPhone Developer";
				COPY_PHASE_STRIP = NO;
				DEBUG_INFORMATION_FORMAT = dwarf;
				ENABLE_STRICT_OBJC_MSGSEND = YES;
				ENABLE_TESTABILITY = YES;
				GCC_C_LANGUAGE_STANDARD = gnu99;
				GCC_DYNAMIC_NO_PIC = NO;
				GCC_NO_COMMON_BLOCKS = YES;
				GCC_OPTIMIZATION_LEVEL = 0;
				GCC_PREPROCESSOR_DEFINITIONS = (
					"DEBUG=1",
					"$(inherited)",
				);
				GCC_WARN_64_TO_32_BIT_CONVERSION = YES;
				GCC_WARN_ABOUT_RETURN_TYPE = YES_ERROR;
				GCC_WARN_UNDECLARED_SELECTOR = YES;
				GCC_WARN_UNINITIALIZED_AUTOS = YES_AGGRESSIVE;
				GCC_WARN_UNUSED_FUNCTION = YES;
				GCC_WARN_UNUSED_VARIABLE = YES;
				IPHONEOS_DEPLOYMENT_TARGET = 9.3;
				MTL_ENABLE_DEBUG_INFO = YES;
				ONLY_ACTIVE_ARCH = YES;
				SDKROOT = iphoneos;
				SWIFT_OPTIMIZATION_LEVEL = "-Onone";
			};
			name = Debug;
		};
		81EB2B5C1CC60D8400F4459F /* Release */ = {
			isa = XCBuildConfiguration;
			buildSettings = {
				ALWAYS_SEARCH_USER_PATHS = NO;
				CLANG_ANALYZER_NONNULL = YES;
				CLANG_CXX_LANGUAGE_STANDARD = "gnu++0x";
				CLANG_CXX_LIBRARY = "libc++";
				CLANG_ENABLE_MODULES = YES;
				CLANG_ENABLE_OBJC_ARC = YES;
				CLANG_WARN_BOOL_CONVERSION = YES;
				CLANG_WARN_CONSTANT_CONVERSION = YES;
				CLANG_WARN_DIRECT_OBJC_ISA_USAGE = YES_ERROR;
				CLANG_WARN_EMPTY_BODY = YES;
				CLANG_WARN_ENUM_CONVERSION = YES;
				CLANG_WARN_INT_CONVERSION = YES;
				CLANG_WARN_OBJC_ROOT_CLASS = YES_ERROR;
				CLANG_WARN_UNREACHABLE_CODE = YES;
				CLANG_WARN__DUPLICATE_METHOD_MATCH = YES;
				"CODE_SIGN_IDENTITY[sdk=iphoneos*]" = "iPhone Developer";
				COPY_PHASE_STRIP = NO;
				DEBUG_INFORMATION_FORMAT = "dwarf-with-dsym";
				ENABLE_NS_ASSERTIONS = NO;
				ENABLE_STRICT_OBJC_MSGSEND = YES;
				GCC_C_LANGUAGE_STANDARD = gnu99;
				GCC_NO_COMMON_BLOCKS = YES;
				GCC_WARN_64_TO_32_BIT_CONVERSION = YES;
				GCC_WARN_ABOUT_RETURN_TYPE = YES_ERROR;
				GCC_WARN_UNDECLARED_SELECTOR = YES;
				GCC_WARN_UNINITIALIZED_AUTOS = YES_AGGRESSIVE;
				GCC_WARN_UNUSED_FUNCTION = YES;
				GCC_WARN_UNUSED_VARIABLE = YES;
				IPHONEOS_DEPLOYMENT_TARGET = 9.3;
				MTL_ENABLE_DEBUG_INFO = NO;
				SDKROOT = iphoneos;
				VALIDATE_PRODUCT = YES;
			};
			name = Release;
		};
		81EB2B5E1CC60D8400F4459F /* Debug */ = {
			isa = XCBuildConfiguration;
			buildSettings = {
				ASSETCATALOG_COMPILER_APPICON_NAME = AppIcon;
				INFOPLIST_FILE = SenderDemo/Info.plist;
				LD_RUNPATH_SEARCH_PATHS = "$(inherited) @executable_path/Frameworks";
				PRODUCT_BUNDLE_IDENTIFIER = com.asiainfo.SenderDemo;
				PRODUCT_NAME = "$(TARGET_NAME)";
			};
			name = Debug;
		};
		81EB2B5F1CC60D8400F4459F /* Release */ = {
			isa = XCBuildConfiguration;
			buildSettings = {
				ASSETCATALOG_COMPILER_APPICON_NAME = AppIcon;
				INFOPLIST_FILE = SenderDemo/Info.plist;
				LD_RUNPATH_SEARCH_PATHS = "$(inherited) @executable_path/Frameworks";
				PRODUCT_BUNDLE_IDENTIFIER = com.asiainfo.SenderDemo;
				PRODUCT_NAME = "$(TARGET_NAME)";
			};
			name = Release;
		};
/* End XCBuildConfiguration section */

/* Begin XCConfigurationList section */
		81EB2B461CC60D8400F4459F /* Build configuration list for PBXProject "SenderDemo" */ = {
			isa = XCConfigurationList;
			buildConfigurations = (
				81EB2B5B1CC60D8400F4459F /* Debug */,
				81EB2B5C1CC60D8400F4459F /* Release */,
			);
			defaultConfigurationIsVisible = 0;
			defaultConfigurationName = Release;
		};
		81EB2B5D1CC60D8400F4459F /* Build configuration list for PBXNativeTarget "SenderDemo" */ = {
			isa = XCConfigurationList;
			buildConfigurations = (
				81EB2B5E1CC60D8400F4459F /* Debug */,
				81EB2B5F1CC60D8400F4459F /* Release */,
			);
			defaultConfigurationIsVisible = 0;
		};
/* End XCConfigurationList section */
	};
	rootObject = 81EB2B431CC60D8400F4459F /* Project object */;
}
