// !$*UTF8*$!
{
	archiveVersion = 1;
	classes = {
	};
	objectVersion = 46;
	objects = {

/* Begin PBXBuildFile section */
		81EB2AC51CC5053100F4459F /* CardDeepLinkKit.h in Headers */ = {isa = PBXBuildFile; fileRef = 81EB2AC41CC5053100F4459F /* CardDeepLinkKit.h */; settings = {ATTRIBUTES = (Public, ); }; };
		936E13581CC6200A00BA0FD0 /* NameSpace.swift in Sources */ = {isa = PBXBuildFile; fileRef = 936E13571CC6200A00BA0FD0 /* NameSpace.swift */; };
		937811BC1CC61BD2001BF260 /* CardDeepLinkKit.swift in Sources */ = {isa = PBXBuildFile; fileRef = 937811BB1CC61BD2001BF260 /* CardDeepLinkKit.swift */; };
		937811F11CC61EE3001BF260 /* CDDeepLink.swift in Sources */ = {isa = PBXBuildFile; fileRef = 937811F01CC61EE3001BF260 /* CDDeepLink.swift */; };
		937811F91CC61F38001BF260 /* AppDelegate.swift in Sources */ = {isa = PBXBuildFile; fileRef = 937811F81CC61F38001BF260 /* AppDelegate.swift */; };
		937811FB1CC61F38001BF260 /* ViewController.swift in Sources */ = {isa = PBXBuildFile; fileRef = 937811FA1CC61F38001BF260 /* ViewController.swift */; };
		937811FE1CC61F38001BF260 /* Main.storyboard in Resources */ = {isa = PBXBuildFile; fileRef = 937811FC1CC61F38001BF260 /* Main.storyboard */; };
		937812001CC61F38001BF260 /* Assets.xcassets in Resources */ = {isa = PBXBuildFile; fileRef = 937811FF1CC61F38001BF260 /* Assets.xcassets */; };
		937812031CC61F38001BF260 /* LaunchScreen.storyboard in Resources */ = {isa = PBXBuildFile; fileRef = 937812011CC61F38001BF260 /* LaunchScreen.storyboard */; };
		93BA897B1CC6254800195C67 /* String.swift in Sources */ = {isa = PBXBuildFile; fileRef = 93BA897A1CC6254800195C67 /* String.swift */; };
		93BA897E1CC628FF00195C67 /* CDApp.swift in Sources */ = {isa = PBXBuildFile; fileRef = 93BA897D1CC628FF00195C67 /* CDApp.swift */; };
		93BA89801CC6308600195C67 /* CDRegularHandler.swift in Sources */ = {isa = PBXBuildFile; fileRef = 93BA897F1CC6308600195C67 /* CDRegularHandler.swift */; };
		93BA89821CC630A500195C67 /* CDDeepLinkRouter.swift in Sources */ = {isa = PBXBuildFile; fileRef = 93BA89811CC630A500195C67 /* CDDeepLinkRouter.swift */; };
		93BA89841CC630BB00195C67 /* CDRouteMatcher.swift in Sources */ = {isa = PBXBuildFile; fileRef = 93BA89831CC630BB00195C67 /* CDRouteMatcher.swift */; };
		E2255BD4BA33CF5ACF379F5B /* Pods.framework in Frameworks */ = {isa = PBXBuildFile; fileRef = BB37930384132BCB05B94301 /* Pods.framework */; };
/* End PBXBuildFile section */

/* Begin PBXContainerItemProxy section */
		937812091CC61F6B001BF260 /* PBXContainerItemProxy */ = {
			isa = PBXContainerItemProxy;
			containerPortal = 81EB2AB81CC5053100F4459F /* Project object */;
			proxyType = 1;
			remoteGlobalIDString = 81EB2AC01CC5053100F4459F;
			remoteInfo = CardDeepLinkKit;
		};
/* End PBXContainerItemProxy section */

/* Begin PBXFileReference section */
		00E5DB1BBD59CB8DF665EC7A /* Pods.release.xcconfig */ = {isa = PBXFileReference; includeInIndex = 1; lastKnownFileType = text.xcconfig; name = Pods.release.xcconfig; path = "Pods/Target Support Files/Pods/Pods.release.xcconfig"; sourceTree = "<group>"; };
		81EB2AC11CC5053100F4459F /* CardDeepLinkKit.framework */ = {isa = PBXFileReference; explicitFileType = wrapper.framework; includeInIndex = 0; path = CardDeepLinkKit.framework; sourceTree = BUILT_PRODUCTS_DIR; };
		81EB2AC41CC5053100F4459F /* CardDeepLinkKit.h */ = {isa = PBXFileReference; lastKnownFileType = sourcecode.c.h; path = CardDeepLinkKit.h; sourceTree = "<group>"; };
		81EB2AC61CC5053100F4459F /* Info.plist */ = {isa = PBXFileReference; lastKnownFileType = text.plist.xml; path = Info.plist; sourceTree = "<group>"; };
		936E13571CC6200A00BA0FD0 /* NameSpace.swift */ = {isa = PBXFileReference; fileEncoding = 4; lastKnownFileType = sourcecode.swift; path = NameSpace.swift; sourceTree = "<group>"; };
		937811BB1CC61BD2001BF260 /* CardDeepLinkKit.swift */ = {isa = PBXFileReference; fileEncoding = 4; lastKnownFileType = sourcecode.swift; path = CardDeepLinkKit.swift; sourceTree = "<group>"; };
		937811F01CC61EE3001BF260 /* CDDeepLink.swift */ = {isa = PBXFileReference; fileEncoding = 4; lastKnownFileType = sourcecode.swift; path = CDDeepLink.swift; sourceTree = "<group>"; };
		937811F61CC61F38001BF260 /* CardDeepLinkKitDemo.app */ = {isa = PBXFileReference; explicitFileType = wrapper.application; includeInIndex = 0; path = CardDeepLinkKitDemo.app; sourceTree = BUILT_PRODUCTS_DIR; };
		937811F81CC61F38001BF260 /* AppDelegate.swift */ = {isa = PBXFileReference; lastKnownFileType = sourcecode.swift; path = AppDelegate.swift; sourceTree = "<group>"; };
		937811FA1CC61F38001BF260 /* ViewController.swift */ = {isa = PBXFileReference; lastKnownFileType = sourcecode.swift; path = ViewController.swift; sourceTree = "<group>"; };
		937811FD1CC61F38001BF260 /* Base */ = {isa = PBXFileReference; lastKnownFileType = file.storyboard; name = Base; path = Base.lproj/Main.storyboard; sourceTree = "<group>"; };
		937811FF1CC61F38001BF260 /* Assets.xcassets */ = {isa = PBXFileReference; lastKnownFileType = folder.assetcatalog; path = Assets.xcassets; sourceTree = "<group>"; };
		937812021CC61F38001BF260 /* Base */ = {isa = PBXFileReference; lastKnownFileType = file.storyboard; name = Base; path = Base.lproj/LaunchScreen.storyboard; sourceTree = "<group>"; };
		937812041CC61F38001BF260 /* Info.plist */ = {isa = PBXFileReference; lastKnownFileType = text.plist.xml; path = Info.plist; sourceTree = "<group>"; };
		93BA897A1CC6254800195C67 /* String.swift */ = {isa = PBXFileReference; fileEncoding = 4; lastKnownFileType = sourcecode.swift; path = String.swift; sourceTree = "<group>"; };
		93BA897D1CC628FF00195C67 /* CDApp.swift */ = {isa = PBXFileReference; fileEncoding = 4; lastKnownFileType = sourcecode.swift; path = CDApp.swift; sourceTree = "<group>"; };
		93BA897F1CC6308600195C67 /* CDRegularHandler.swift */ = {isa = PBXFileReference; fileEncoding = 4; lastKnownFileType = sourcecode.swift; path = CDRegularHandler.swift; sourceTree = "<group>"; };
		93BA89811CC630A500195C67 /* CDDeepLinkRouter.swift */ = {isa = PBXFileReference; fileEncoding = 4; lastKnownFileType = sourcecode.swift; path = CDDeepLinkRouter.swift; sourceTree = "<group>"; };
		93BA89831CC630BB00195C67 /* CDRouteMatcher.swift */ = {isa = PBXFileReference; fileEncoding = 4; lastKnownFileType = sourcecode.swift; path = CDRouteMatcher.swift; sourceTree = "<group>"; };
		93BE5AD71CC610D100CC2B5A /* CDSenderDemo.app */ = {isa = PBXFileReference; explicitFileType = wrapper.application; includeInIndex = 0; path = CDSenderDemo.app; sourceTree = BUILT_PRODUCTS_DIR; };
		BB37930384132BCB05B94301 /* Pods.framework */ = {isa = PBXFileReference; explicitFileType = wrapper.framework; includeInIndex = 0; path = Pods.framework; sourceTree = BUILT_PRODUCTS_DIR; };
		CCDA3EA87D081ED0A0A95B84 /* Pods.debug.xcconfig */ = {isa = PBXFileReference; includeInIndex = 1; lastKnownFileType = text.xcconfig; name = Pods.debug.xcconfig; path = "Pods/Target Support Files/Pods/Pods.debug.xcconfig"; sourceTree = "<group>"; };
/* End PBXFileReference section */

/* Begin PBXFrameworksBuildPhase section */
		81EB2ABD1CC5053100F4459F /* Frameworks */ = {
			isa = PBXFrameworksBuildPhase;
			buildActionMask = 2147483647;
			files = (
				E2255BD4BA33CF5ACF379F5B /* Pods.framework in Frameworks */,
			);
			runOnlyForDeploymentPostprocessing = 0;
		};
		937811F31CC61F38001BF260 /* Frameworks */ = {
			isa = PBXFrameworksBuildPhase;
			buildActionMask = 2147483647;
			files = (
			);
			runOnlyForDeploymentPostprocessing = 0;
		};
/* End PBXFrameworksBuildPhase section */

/* Begin PBXGroup section */
		3E51A8870AF2C42637A24FA2 /* Pods */ = {
			isa = PBXGroup;
			children = (
				CCDA3EA87D081ED0A0A95B84 /* Pods.debug.xcconfig */,
				00E5DB1BBD59CB8DF665EC7A /* Pods.release.xcconfig */,
			);
			name = Pods;
			sourceTree = "<group>";
		};
		81EB2AB71CC5053100F4459F = {
			isa = PBXGroup;
			children = (
				81EB2AC31CC5053100F4459F /* CardDeepLinkKit */,
				937811F71CC61F38001BF260 /* CardDeepLinkKitDemo */,
				81EB2AC21CC5053100F4459F /* Products */,
				3E51A8870AF2C42637A24FA2 /* Pods */,
				AF2EC5DC4F6C3D23B7835E31 /* Frameworks */,
			);
			sourceTree = "<group>";
		};
		81EB2AC21CC5053100F4459F /* Products */ = {
			isa = PBXGroup;
			children = (
				81EB2AC11CC5053100F4459F /* CardDeepLinkKit.framework */,
				93BE5AD71CC610D100CC2B5A /* CDSenderDemo.app */,
				937811F61CC61F38001BF260 /* CardDeepLinkKitDemo.app */,
			);
			name = Products;
			sourceTree = "<group>";
		};
		81EB2AC31CC5053100F4459F /* CardDeepLinkKit */ = {
			isa = PBXGroup;
			children = (
				93BA897C1CC628E700195C67 /* Application */,
				937811BA1CC61601001BF260 /* Categories */,
				937811B61CC615D4001BF260 /* CardDeepLink */,
				937811B71CC615D4001BF260 /* RouteHandler */,
				937811B81CC615D4001BF260 /* Router */,
				937811B91CC615D4001BF260 /* RouterMatcher */,
				81EB2AC41CC5053100F4459F /* CardDeepLinkKit.h */,
				937811BB1CC61BD2001BF260 /* CardDeepLinkKit.swift */,
				81EB2AC61CC5053100F4459F /* Info.plist */,
				936E13571CC6200A00BA0FD0 /* NameSpace.swift */,
			);
			path = CardDeepLinkKit;
			sourceTree = "<group>";
		};
		937811B61CC615D4001BF260 /* CardDeepLink */ = {
			isa = PBXGroup;
			children = (
				937811F01CC61EE3001BF260 /* CDDeepLink.swift */,
			);
			name = CardDeepLink;
			path = DeepLink;
			sourceTree = "<group>";
		};
		937811B71CC615D4001BF260 /* RouteHandler */ = {
			isa = PBXGroup;
			children = (
				93BA897F1CC6308600195C67 /* CDRegularHandler.swift */,
			);
			path = RouteHandler;
			sourceTree = "<group>";
		};
		937811B81CC615D4001BF260 /* Router */ = {
			isa = PBXGroup;
			children = (
				93BA89811CC630A500195C67 /* CDDeepLinkRouter.swift */,
			);
			path = Router;
			sourceTree = "<group>";
		};
		937811B91CC615D4001BF260 /* RouterMatcher */ = {
			isa = PBXGroup;
			children = (
				93BA89831CC630BB00195C67 /* CDRouteMatcher.swift */,
			);
			path = RouterMatcher;
			sourceTree = "<group>";
		};
		937811BA1CC61601001BF260 /* Categories */ = {
			isa = PBXGroup;
			children = (
				93BA897A1CC6254800195C67 /* String.swift */,
			);
			path = Categories;
			sourceTree = "<group>";
		};
		937811F71CC61F38001BF260 /* CardDeepLinkKitDemo */ = {
			isa = PBXGroup;
			children = (
				937811F81CC61F38001BF260 /* AppDelegate.swift */,
				937811FA1CC61F38001BF260 /* ViewController.swift */,
				937811FC1CC61F38001BF260 /* Main.storyboard */,
				937811FF1CC61F38001BF260 /* Assets.xcassets */,
				937812011CC61F38001BF260 /* LaunchScreen.storyboard */,
				937812041CC61F38001BF260 /* Info.plist */,
			);
			path = CardDeepLinkKitDemo;
			sourceTree = "<group>";
		};
		93BA897C1CC628E700195C67 /* Application */ = {
			isa = PBXGroup;
			children = (
				93BA897D1CC628FF00195C67 /* CDApp.swift */,
			);
			path = Application;
			sourceTree = "<group>";
		};
		AF2EC5DC4F6C3D23B7835E31 /* Frameworks */ = {
			isa = PBXGroup;
			children = (
				BB37930384132BCB05B94301 /* Pods.framework */,
			);
			name = Frameworks;
			sourceTree = "<group>";
		};
/* End PBXGroup section */

/* Begin PBXHeadersBuildPhase section */
		81EB2ABE1CC5053100F4459F /* Headers */ = {
			isa = PBXHeadersBuildPhase;
			buildActionMask = 2147483647;
			files = (
				81EB2AC51CC5053100F4459F /* CardDeepLinkKit.h in Headers */,
			);
			runOnlyForDeploymentPostprocessing = 0;
		};
/* End PBXHeadersBuildPhase section */

/* Begin PBXNativeTarget section */
		81EB2AC01CC5053100F4459F /* CardDeepLinkKit */ = {
			isa = PBXNativeTarget;
			buildConfigurationList = 81EB2AC91CC5053100F4459F /* Build configuration list for PBXNativeTarget "CardDeepLinkKit" */;
			buildPhases = (
				49A919B6311903583F355523 /* Check Pods Manifest.lock */,
				81EB2ABC1CC5053100F4459F /* Sources */,
				81EB2ABD1CC5053100F4459F /* Frameworks */,
				81EB2ABE1CC5053100F4459F /* Headers */,
				81EB2ABF1CC5053100F4459F /* Resources */,
				84DD63AF3CBEAACFD5F7DC85 /* Copy Pods Resources */,
			);
			buildRules = (
			);
			dependencies = (
			);
			name = CardDeepLinkKit;
			productName = CardDeepLinkKit;
			productReference = 81EB2AC11CC5053100F4459F /* CardDeepLinkKit.framework */;
			productType = "com.apple.product-type.framework";
		};
		937811F51CC61F38001BF260 /* CardDeepLinkKitDemo */ = {
			isa = PBXNativeTarget;
			buildConfigurationList = 937812051CC61F38001BF260 /* Build configuration list for PBXNativeTarget "CardDeepLinkKitDemo" */;
			buildPhases = (
				937811F21CC61F38001BF260 /* Sources */,
				937811F31CC61F38001BF260 /* Frameworks */,
				937811F41CC61F38001BF260 /* Resources */,
			);
			buildRules = (
			);
			dependencies = (
				9378120A1CC61F6B001BF260 /* PBXTargetDependency */,
			);
			name = CardDeepLinkKitDemo;
			productName = CardDeepLinkKitDemo;
			productReference = 937811F61CC61F38001BF260 /* CardDeepLinkKitDemo.app */;
			productType = "com.apple.product-type.application";
		};
/* End PBXNativeTarget section */

/* Begin PBXProject section */
		81EB2AB81CC5053100F4459F /* Project object */ = {
			isa = PBXProject;
			attributes = {
				LastSwiftUpdateCheck = 0720;
				LastUpgradeCheck = 0730;
				ORGANIZATIONNAME = AsiaInfo;
				TargetAttributes = {
					81EB2AC01CC5053100F4459F = {
						CreatedOnToolsVersion = 7.3;
					};
					937811F51CC61F38001BF260 = {
						CreatedOnToolsVersion = 7.2;
					};
				};
			};
			buildConfigurationList = 81EB2ABB1CC5053100F4459F /* Build configuration list for PBXProject "CardDeepLinkKit" */;
			compatibilityVersion = "Xcode 3.2";
			developmentRegion = English;
			hasScannedForEncodings = 0;
			knownRegions = (
				en,
				Base,
			);
			mainGroup = 81EB2AB71CC5053100F4459F;
			productRefGroup = 81EB2AC21CC5053100F4459F /* Products */;
			projectDirPath = "";
			projectRoot = "";
			targets = (
				81EB2AC01CC5053100F4459F /* CardDeepLinkKit */,
				937811F51CC61F38001BF260 /* CardDeepLinkKitDemo */,
			);
		};
/* End PBXProject section */

/* Begin PBXResourcesBuildPhase section */
		81EB2ABF1CC5053100F4459F /* Resources */ = {
			isa = PBXResourcesBuildPhase;
			buildActionMask = 2147483647;
			files = (
			);
			runOnlyForDeploymentPostprocessing = 0;
		};
		937811F41CC61F38001BF260 /* Resources */ = {
			isa = PBXResourcesBuildPhase;
			buildActionMask = 2147483647;
			files = (
				937812031CC61F38001BF260 /* LaunchScreen.storyboard in Resources */,
				937812001CC61F38001BF260 /* Assets.xcassets in Resources */,
				937811FE1CC61F38001BF260 /* Main.storyboard in Resources */,
			);
			runOnlyForDeploymentPostprocessing = 0;
		};
/* End PBXResourcesBuildPhase section */

/* Begin PBXShellScriptBuildPhase section */
		49A919B6311903583F355523 /* Check Pods Manifest.lock */ = {
			isa = PBXShellScriptBuildPhase;
			buildActionMask = 2147483647;
			files = (
			);
			inputPaths = (
			);
			name = "Check Pods Manifest.lock";
			outputPaths = (
			);
			runOnlyForDeploymentPostprocessing = 0;
			shellPath = /bin/sh;
			shellScript = "diff \"${PODS_ROOT}/../Podfile.lock\" \"${PODS_ROOT}/Manifest.lock\" > /dev/null\nif [[ $? != 0 ]] ; then\n    cat << EOM\nerror: The sandbox is not in sync with the Podfile.lock. Run 'pod install' or update your CocoaPods installation.\nEOM\n    exit 1\nfi\n";
			showEnvVarsInLog = 0;
		};
		84DD63AF3CBEAACFD5F7DC85 /* Copy Pods Resources */ = {
			isa = PBXShellScriptBuildPhase;
			buildActionMask = 2147483647;
			files = (
			);
			inputPaths = (
			);
			name = "Copy Pods Resources";
			outputPaths = (
			);
			runOnlyForDeploymentPostprocessing = 0;
			shellPath = /bin/sh;
			shellScript = "\"${SRCROOT}/Pods/Target Support Files/Pods/Pods-resources.sh\"\n";
			showEnvVarsInLog = 0;
		};
/* End PBXShellScriptBuildPhase section */

/* Begin PBXSourcesBuildPhase section */
		81EB2ABC1CC5053100F4459F /* Sources */ = {
			isa = PBXSourcesBuildPhase;
			buildActionMask = 2147483647;
			files = (
				936E13581CC6200A00BA0FD0 /* NameSpace.swift in Sources */,
				93BA89841CC630BB00195C67 /* CDRouteMatcher.swift in Sources */,
				937811F11CC61EE3001BF260 /* CDDeepLink.swift in Sources */,
				93BA89821CC630A500195C67 /* CDDeepLinkRouter.swift in Sources */,
				93BA89801CC6308600195C67 /* CDRegularHandler.swift in Sources */,
				93BA897B1CC6254800195C67 /* String.swift in Sources */,
				937811BC1CC61BD2001BF260 /* CardDeepLinkKit.swift in Sources */,
				93BA897E1CC628FF00195C67 /* CDApp.swift in Sources */,
			);
			runOnlyForDeploymentPostprocessing = 0;
		};
		937811F21CC61F38001BF260 /* Sources */ = {
			isa = PBXSourcesBuildPhase;
			buildActionMask = 2147483647;
			files = (
				937811FB1CC61F38001BF260 /* ViewController.swift in Sources */,
				937811F91CC61F38001BF260 /* AppDelegate.swift in Sources */,
			);
			runOnlyForDeploymentPostprocessing = 0;
		};
/* End PBXSourcesBuildPhase section */

/* Begin PBXTargetDependency section */
		9378120A1CC61F6B001BF260 /* PBXTargetDependency */ = {
			isa = PBXTargetDependency;
			target = 81EB2AC01CC5053100F4459F /* CardDeepLinkKit */;
			targetProxy = 937812091CC61F6B001BF260 /* PBXContainerItemProxy */;
		};
/* End PBXTargetDependency section */

/* Begin PBXVariantGroup section */
		937811FC1CC61F38001BF260 /* Main.storyboard */ = {
			isa = PBXVariantGroup;
			children = (
				937811FD1CC61F38001BF260 /* Base */,
			);
			name = Main.storyboard;
			sourceTree = "<group>";
		};
		937812011CC61F38001BF260 /* LaunchScreen.storyboard */ = {
			isa = PBXVariantGroup;
			children = (
				937812021CC61F38001BF260 /* Base */,
			);
			name = LaunchScreen.storyboard;
			sourceTree = "<group>";
		};
/* End PBXVariantGroup section */

/* Begin XCBuildConfiguration section */
		81EB2AC71CC5053100F4459F /* Debug */ = {
			isa = XCBuildConfiguration;
			buildSettings = {
				ALWAYS_SEARCH_USER_PATHS = NO;
				CLANG_ANALYZER_NONNULL = YES;
				CLANG_CXX_LANGUAGE_STANDARD = "gnu++0x";
				CLANG_CXX_LIBRARY = "libc++";
				CLANG_ENABLE_MODULES = YES;
				CLANG_ENABLE_OBJC_ARC = YES;
				CLANG_WARN_BOOL_CONVERSION = YES;
				CLANG_WARN_CONSTANT_CONVERSION = YES;
				CLANG_WARN_DIRECT_OBJC_ISA_USAGE = YES_ERROR;
				CLANG_WARN_EMPTY_BODY = YES;
				CLANG_WARN_ENUM_CONVERSION = YES;
				CLANG_WARN_INT_CONVERSION = YES;
				CLANG_WARN_OBJC_ROOT_CLASS = YES_ERROR;
				CLANG_WARN_UNREACHABLE_CODE = YES;
				CLANG_WARN__DUPLICATE_METHOD_MATCH = YES;
				"CODE_SIGN_IDENTITY[sdk=iphoneos*]" = "iPhone Developer";
				COPY_PHASE_STRIP = NO;
				CURRENT_PROJECT_VERSION = 1;
				DEBUG_INFORMATION_FORMAT = dwarf;
				ENABLE_STRICT_OBJC_MSGSEND = YES;
				ENABLE_TESTABILITY = YES;
				GCC_C_LANGUAGE_STANDARD = gnu99;
				GCC_DYNAMIC_NO_PIC = NO;
				GCC_NO_COMMON_BLOCKS = YES;
				GCC_OPTIMIZATION_LEVEL = 0;
				GCC_PREPROCESSOR_DEFINITIONS = (
					"DEBUG=1",
					"$(inherited)",
				);
				GCC_WARN_64_TO_32_BIT_CONVERSION = YES;
				GCC_WARN_ABOUT_RETURN_TYPE = YES_ERROR;
				GCC_WARN_UNDECLARED_SELECTOR = YES;
				GCC_WARN_UNINITIALIZED_AUTOS = YES_AGGRESSIVE;
				GCC_WARN_UNUSED_FUNCTION = YES;
				GCC_WARN_UNUSED_VARIABLE = YES;
				IPHONEOS_DEPLOYMENT_TARGET = 8.0;
				MTL_ENABLE_DEBUG_INFO = YES;
				ONLY_ACTIVE_ARCH = YES;
				SDKROOT = iphoneos;
				SWIFT_OBJC_BRIDGING_HEADER = "";
				SWIFT_OPTIMIZATION_LEVEL = "-Onone";
				TARGETED_DEVICE_FAMILY = "1,2";
				VERSIONING_SYSTEM = "apple-generic";
				VERSION_INFO_PREFIX = "";
			};
			name = Debug;
		};
		81EB2AC81CC5053100F4459F /* Release */ = {
			isa = XCBuildConfiguration;
			buildSettings = {
				ALWAYS_SEARCH_USER_PATHS = NO;
				CLANG_ANALYZER_NONNULL = YES;
				CLANG_CXX_LANGUAGE_STANDARD = "gnu++0x";
				CLANG_CXX_LIBRARY = "libc++";
				CLANG_ENABLE_MODULES = YES;
				CLANG_ENABLE_OBJC_ARC = YES;
				CLANG_WARN_BOOL_CONVERSION = YES;
				CLANG_WARN_CONSTANT_CONVERSION = YES;
				CLANG_WARN_DIRECT_OBJC_ISA_USAGE = YES_ERROR;
				CLANG_WARN_EMPTY_BODY = YES;
				CLANG_WARN_ENUM_CONVERSION = YES;
				CLANG_WARN_INT_CONVERSION = YES;
				CLANG_WARN_OBJC_ROOT_CLASS = YES_ERROR;
				CLANG_WARN_UNREACHABLE_CODE = YES;
				CLANG_WARN__DUPLICATE_METHOD_MATCH = YES;
				"CODE_SIGN_IDENTITY[sdk=iphoneos*]" = "iPhone Developer";
				COPY_PHASE_STRIP = NO;
				CURRENT_PROJECT_VERSION = 1;
				DEBUG_INFORMATION_FORMAT = "dwarf-with-dsym";
				ENABLE_NS_ASSERTIONS = NO;
				ENABLE_STRICT_OBJC_MSGSEND = YES;
				GCC_C_LANGUAGE_STANDARD = gnu99;
				GCC_NO_COMMON_BLOCKS = YES;
				GCC_WARN_64_TO_32_BIT_CONVERSION = YES;
				GCC_WARN_ABOUT_RETURN_TYPE = YES_ERROR;
				GCC_WARN_UNDECLARED_SELECTOR = YES;
				GCC_WARN_UNINITIALIZED_AUTOS = YES_AGGRESSIVE;
				GCC_WARN_UNUSED_FUNCTION = YES;
				GCC_WARN_UNUSED_VARIABLE = YES;
				IPHONEOS_DEPLOYMENT_TARGET = 8.0;
				MTL_ENABLE_DEBUG_INFO = NO;
				SDKROOT = iphoneos;
				SWIFT_OBJC_BRIDGING_HEADER = "";
				TARGETED_DEVICE_FAMILY = "1,2";
				VALIDATE_PRODUCT = YES;
				VERSIONING_SYSTEM = "apple-generic";
				VERSION_INFO_PREFIX = "";
			};
			name = Release;
		};
		81EB2ACA1CC5053100F4459F /* Debug */ = {
			isa = XCBuildConfiguration;
			baseConfigurationReference = CCDA3EA87D081ED0A0A95B84 /* Pods.debug.xcconfig */;
			buildSettings = {
				CLANG_ENABLE_MODULES = YES;
				DEFINES_MODULE = YES;
				DYLIB_COMPATIBILITY_VERSION = 1;
				DYLIB_CURRENT_VERSION = 1;
				DYLIB_INSTALL_NAME_BASE = "@rpath";
				INFOPLIST_FILE = CardDeepLinkKit/Info.plist;
				INSTALL_PATH = "$(LOCAL_LIBRARY_DIR)/Frameworks";
				IPHONEOS_DEPLOYMENT_TARGET = 8.0;
				LD_RUNPATH_SEARCH_PATHS = "$(inherited) @executable_path/Frameworks @loader_path/Frameworks";
				PRODUCT_BUNDLE_IDENTIFIER = com.asiainfo.CardDeepLinkKit;
				PRODUCT_NAME = CardDeepLinkKit;
				SKIP_INSTALL = YES;
				SWIFT_OPTIMIZATION_LEVEL = "-Onone";
			};
			name = Debug;
		};
		81EB2ACB1CC5053100F4459F /* Release */ = {
			isa = XCBuildConfiguration;
			baseConfigurationReference = 00E5DB1BBD59CB8DF665EC7A /* Pods.release.xcconfig */;
			buildSettings = {
				CLANG_ENABLE_MODULES = YES;
				DEFINES_MODULE = YES;
				DYLIB_COMPATIBILITY_VERSION = 1;
				DYLIB_CURRENT_VERSION = 1;
				DYLIB_INSTALL_NAME_BASE = "@rpath";
				INFOPLIST_FILE = CardDeepLinkKit/Info.plist;
				INSTALL_PATH = "$(LOCAL_LIBRARY_DIR)/Frameworks";
				IPHONEOS_DEPLOYMENT_TARGET = 8.0;
				LD_RUNPATH_SEARCH_PATHS = "$(inherited) @executable_path/Frameworks @loader_path/Frameworks";
				PRODUCT_BUNDLE_IDENTIFIER = com.asiainfo.CardDeepLinkKit;
				PRODUCT_NAME = CardDeepLinkKit;
				SKIP_INSTALL = YES;
			};
			name = Release;
		};
		937812061CC61F38001BF260 /* Debug */ = {
			isa = XCBuildConfiguration;
			buildSettings = {
				ASSETCATALOG_COMPILER_APPICON_NAME = AppIcon;
				INFOPLIST_FILE = CardDeepLinkKitDemo/Info.plist;
				IPHONEOS_DEPLOYMENT_TARGET = 9.2;
				LD_RUNPATH_SEARCH_PATHS = "$(inherited) @executable_path/Frameworks";
				PRODUCT_BUNDLE_IDENTIFIER = com.asiainfo.CardDeepLinkKitDemo;
				PRODUCT_NAME = "$(TARGET_NAME)";
			};
			name = Debug;
		};
		937812071CC61F38001BF260 /* Release */ = {
			isa = XCBuildConfiguration;
			buildSettings = {
				ASSETCATALOG_COMPILER_APPICON_NAME = AppIcon;
				INFOPLIST_FILE = CardDeepLinkKitDemo/Info.plist;
				IPHONEOS_DEPLOYMENT_TARGET = 9.2;
				LD_RUNPATH_SEARCH_PATHS = "$(inherited) @executable_path/Frameworks";
				PRODUCT_BUNDLE_IDENTIFIER = com.asiainfo.CardDeepLinkKitDemo;
				PRODUCT_NAME = "$(TARGET_NAME)";
			};
			name = Release;
		};
/* End XCBuildConfiguration section */

/* Begin XCConfigurationList section */
		81EB2ABB1CC5053100F4459F /* Build configuration list for PBXProject "CardDeepLinkKit" */ = {
			isa = XCConfigurationList;
			buildConfigurations = (
				81EB2AC71CC5053100F4459F /* Debug */,
				81EB2AC81CC5053100F4459F /* Release */,
			);
			defaultConfigurationIsVisible = 0;
			defaultConfigurationName = Release;
		};
		81EB2AC91CC5053100F4459F /* Build configuration list for PBXNativeTarget "CardDeepLinkKit" */ = {
			isa = XCConfigurationList;
			buildConfigurations = (
				81EB2ACA1CC5053100F4459F /* Debug */,
				81EB2ACB1CC5053100F4459F /* Release */,
			);
			defaultConfigurationIsVisible = 0;
			defaultConfigurationName = Release;
		};
		937812051CC61F38001BF260 /* Build configuration list for PBXNativeTarget "CardDeepLinkKitDemo" */ = {
			isa = XCConfigurationList;
			buildConfigurations = (
				937812061CC61F38001BF260 /* Debug */,
				937812071CC61F38001BF260 /* Release */,
			);
			defaultConfigurationIsVisible = 0;
			defaultConfigurationName = Release;
		};
/* End XCConfigurationList section */
	};
	rootObject = 81EB2AB81CC5053100F4459F /* Project object */;
}
