// !$*UTF8*$!
{
	archiveVersion = 1;
	classes = {
	};
	objectVersion = 46;
	objects = {

/* Begin PBXBuildFile section */
		8132B3771CCA162400153AF4 /* CDSender.swift in Sources */ = {isa = PBXBuildFile; fileRef = 8132B3761CCA162400153AF4 /* CDSender.swift */; };
		81EB2AC51CC5053100F4459F /* CardDeepLinkKit.h in Headers */ = {isa = PBXBuildFile; fileRef = 81EB2AC41CC5053100F4459F /* CardDeepLinkKit.h */; settings = {ATTRIBUTES = (Public, ); }; };
		93374D9E1CC77744004F8F79 /* UIKit.framework in Frameworks */ = {isa = PBXBuildFile; fileRef = 93374D9D1CC77744004F8F79 /* UIKit.framework */; };
		93374DA01CC7774C004F8F79 /* Foundation.framework in Frameworks */ = {isa = PBXBuildFile; fileRef = 93374D9F1CC7774C004F8F79 /* Foundation.framework */; };
		93374DA21CC77753004F8F79 /* SystemConfiguration.framework in Frameworks */ = {isa = PBXBuildFile; fileRef = 93374DA11CC77753004F8F79 /* SystemConfiguration.framework */; };
		93374DA51CC77A85004F8F79 /* CardDeepLinkKit.bundle in Resources */ = {isa = PBXBuildFile; fileRef = 93374DA41CC77A85004F8F79 /* CardDeepLinkKit.bundle */; };
		93374DC31CC7D943004F8F79 /* UIColor.swift in Sources */ = {isa = PBXBuildFile; fileRef = 93374DC21CC7D943004F8F79 /* UIColor.swift */; };
		934B96501CCDFFF800A2D815 /* AlamofireCD.swift in Sources */ = {isa = PBXBuildFile; fileRef = 934B96401CCDFFF800A2D815 /* AlamofireCD.swift */; };
		934B96511CCDFFF800A2D815 /* Download.swift in Sources */ = {isa = PBXBuildFile; fileRef = 934B96411CCDFFF800A2D815 /* Download.swift */; };
		934B96521CCDFFF800A2D815 /* Error.swift in Sources */ = {isa = PBXBuildFile; fileRef = 934B96421CCDFFF800A2D815 /* Error.swift */; };
		934B96531CCDFFF800A2D815 /* Manager.swift in Sources */ = {isa = PBXBuildFile; fileRef = 934B96431CCDFFF800A2D815 /* Manager.swift */; };
		934B96541CCDFFF800A2D815 /* MultipartFormData.swift in Sources */ = {isa = PBXBuildFile; fileRef = 934B96441CCDFFF800A2D815 /* MultipartFormData.swift */; };
		934B96551CCDFFF800A2D815 /* ParameterEncoding.swift in Sources */ = {isa = PBXBuildFile; fileRef = 934B96451CCDFFF800A2D815 /* ParameterEncoding.swift */; };
		934B96561CCDFFF800A2D815 /* Request.swift in Sources */ = {isa = PBXBuildFile; fileRef = 934B96461CCDFFF800A2D815 /* Request.swift */; };
		934B96571CCDFFF800A2D815 /* Response.swift in Sources */ = {isa = PBXBuildFile; fileRef = 934B96471CCDFFF800A2D815 /* Response.swift */; };
		934B96581CCDFFF800A2D815 /* ResponseSerialization.swift in Sources */ = {isa = PBXBuildFile; fileRef = 934B96481CCDFFF800A2D815 /* ResponseSerialization.swift */; };
		934B96591CCDFFF800A2D815 /* Result.swift in Sources */ = {isa = PBXBuildFile; fileRef = 934B96491CCDFFF800A2D815 /* Result.swift */; };
		934B965A1CCDFFF800A2D815 /* ServerTrustPolicy.swift in Sources */ = {isa = PBXBuildFile; fileRef = 934B964A1CCDFFF800A2D815 /* ServerTrustPolicy.swift */; };
		934B965B1CCDFFF800A2D815 /* Stream.swift in Sources */ = {isa = PBXBuildFile; fileRef = 934B964B1CCDFFF800A2D815 /* Stream.swift */; };
		934B965C1CCDFFF800A2D815 /* Upload.swift in Sources */ = {isa = PBXBuildFile; fileRef = 934B964C1CCDFFF800A2D815 /* Upload.swift */; };
		934B965D1CCDFFF800A2D815 /* Validation.swift in Sources */ = {isa = PBXBuildFile; fileRef = 934B964D1CCDFFF800A2D815 /* Validation.swift */; };
		934B965E1CCDFFF800A2D815 /* SwiftyJSON.swift in Sources */ = {isa = PBXBuildFile; fileRef = 934B964F1CCDFFF800A2D815 /* SwiftyJSON.swift */; };
		934B96601CCE0BFE00A2D815 /* CardViewProtocol.swift in Sources */ = {isa = PBXBuildFile; fileRef = 934B965F1CCE0BFE00A2D815 /* CardViewProtocol.swift */; };
		9354D2271CC8973900814324 /* UILoadingView.swift in Sources */ = {isa = PBXBuildFile; fileRef = 9354D2261CC8973900814324 /* UILoadingView.swift */; };
		9354D2291CC8977800814324 /* LoadingView.xib in Resources */ = {isa = PBXBuildFile; fileRef = 9354D2281CC8977800814324 /* LoadingView.xib */; };
		9354D2391CC8AFD500814324 /* CardDeepLinkKit.framework in CopyFiles */ = {isa = PBXBuildFile; fileRef = 93374DB41CC7CCC8004F8F79 /* CardDeepLinkKit.framework */; settings = {ATTRIBUTES = (CodeSignOnCopy, RemoveHeadersOnCopy, ); }; };
		9357EEDF1CC8713C00F1F2A2 /* CDVender.swift in Sources */ = {isa = PBXBuildFile; fileRef = 9357EEDE1CC8713C00F1F2A2 /* CDVender.swift */; };
		9357EEE11CC873FB00F1F2A2 /* CDModel.swift in Sources */ = {isa = PBXBuildFile; fileRef = 9357EEE01CC873FB00F1F2A2 /* CDModel.swift */; };
		936E13581CC6200A00BA0FD0 /* NameSpace.swift in Sources */ = {isa = PBXBuildFile; fileRef = 936E13571CC6200A00BA0FD0 /* NameSpace.swift */; };
		937811F11CC61EE3001BF260 /* CDDeepLink.swift in Sources */ = {isa = PBXBuildFile; fileRef = 937811F01CC61EE3001BF260 /* CDDeepLink.swift */; };
		937811F91CC61F38001BF260 /* AppDelegate.swift in Sources */ = {isa = PBXBuildFile; fileRef = 937811F81CC61F38001BF260 /* AppDelegate.swift */; };
		937811FB1CC61F38001BF260 /* ViewController.swift in Sources */ = {isa = PBXBuildFile; fileRef = 937811FA1CC61F38001BF260 /* ViewController.swift */; };
		937811FE1CC61F38001BF260 /* Main.storyboard in Resources */ = {isa = PBXBuildFile; fileRef = 937811FC1CC61F38001BF260 /* Main.storyboard */; };
		937812001CC61F38001BF260 /* Assets.xcassets in Resources */ = {isa = PBXBuildFile; fileRef = 937811FF1CC61F38001BF260 /* Assets.xcassets */; };
		937812031CC61F38001BF260 /* LaunchScreen.storyboard in Resources */ = {isa = PBXBuildFile; fileRef = 937812011CC61F38001BF260 /* LaunchScreen.storyboard */; };
		9386946B1CC6581800CCF864 /* CDMatchResult.swift in Sources */ = {isa = PBXBuildFile; fileRef = 938694691CC6581800CCF864 /* CDMatchResult.swift */; };
		9386946C1CC6581800CCF864 /* CDRegularExpression.swift in Sources */ = {isa = PBXBuildFile; fileRef = 9386946A1CC6581800CCF864 /* CDRegularExpression.swift */; };
		938C8B921CC87B4100E80887 /* UIImage.swift in Sources */ = {isa = PBXBuildFile; fileRef = 938C8B911CC87B4100E80887 /* UIImage.swift */; };
		938C8B941CC87C9D00E80887 /* CardViewCell.swift in Sources */ = {isa = PBXBuildFile; fileRef = 938C8B931CC87C9D00E80887 /* CardViewCell.swift */; };
		938C8B961CC87F9900E80887 /* UIView.swift in Sources */ = {isa = PBXBuildFile; fileRef = 938C8B951CC87F9900E80887 /* UIView.swift */; };
		93BA897B1CC6254800195C67 /* String.swift in Sources */ = {isa = PBXBuildFile; fileRef = 93BA897A1CC6254800195C67 /* String.swift */; };
		93BA897E1CC628FF00195C67 /* CDApplication.swift in Sources */ = {isa = PBXBuildFile; fileRef = 93BA897D1CC628FF00195C67 /* CDApplication.swift */; };
		93BA89801CC6308600195C67 /* CDRouteHandler.swift in Sources */ = {isa = PBXBuildFile; fileRef = 93BA897F1CC6308600195C67 /* CDRouteHandler.swift */; };
		93BA89821CC630A500195C67 /* CDDeepLinkRouter.swift in Sources */ = {isa = PBXBuildFile; fileRef = 93BA89811CC630A500195C67 /* CDDeepLinkRouter.swift */; };
		93BA89841CC630BB00195C67 /* CDRouteMatcher.swift in Sources */ = {isa = PBXBuildFile; fileRef = 93BA89831CC630BB00195C67 /* CDRouteMatcher.swift */; };
		93BA89881CC635B400195C67 /* Card.swift in Sources */ = {isa = PBXBuildFile; fileRef = 93BA89871CC635B400195C67 /* Card.swift */; };
		93C7CBB71CC7717A001B5D3F /* CardAlertView.swift in Sources */ = {isa = PBXBuildFile; fileRef = 93C7CBB61CC7717A001B5D3F /* CardAlertView.swift */; };
		93C7CBB91CC77481001B5D3F /* CardAlertView.xib in Resources */ = {isa = PBXBuildFile; fileRef = 93C7CBB81CC77481001B5D3F /* CardAlertView.xib */; };
/* End PBXBuildFile section */

/* Begin PBXCopyFilesBuildPhase section */
		9354D22F1CC8AE5F00814324 /* CopyFiles */ = {
			isa = PBXCopyFilesBuildPhase;
			buildActionMask = 2147483647;
			dstPath = "";
			dstSubfolderSpec = 10;
			files = (
			);
			runOnlyForDeploymentPostprocessing = 0;
		};
		9354D2331CC8AF6600814324 /* CopyFiles */ = {
			isa = PBXCopyFilesBuildPhase;
			buildActionMask = 12;
			dstPath = "";
			dstSubfolderSpec = 10;
			files = (
				9354D2391CC8AFD500814324 /* CardDeepLinkKit.framework in CopyFiles */,
			);
			runOnlyForDeploymentPostprocessing = 0;
		};
/* End PBXCopyFilesBuildPhase section */

/* Begin PBXFileReference section */
		00E5DB1BBD59CB8DF665EC7A /* Pods.release.xcconfig */ = {isa = PBXFileReference; includeInIndex = 1; lastKnownFileType = text.xcconfig; name = Pods.release.xcconfig; path = "Pods/Target Support Files/Pods/Pods.release.xcconfig"; sourceTree = "<group>"; };
		8132B3761CCA162400153AF4 /* CDSender.swift */ = {isa = PBXFileReference; fileEncoding = 4; lastKnownFileType = sourcecode.swift; path = CDSender.swift; sourceTree = "<group>"; };
		81EB2AC11CC5053100F4459F /* CardDeepLinkKit.framework */ = {isa = PBXFileReference; explicitFileType = wrapper.framework; includeInIndex = 0; path = CardDeepLinkKit.framework; sourceTree = BUILT_PRODUCTS_DIR; };
		81EB2AC41CC5053100F4459F /* CardDeepLinkKit.h */ = {isa = PBXFileReference; lastKnownFileType = sourcecode.c.h; path = CardDeepLinkKit.h; sourceTree = "<group>"; };
		81EB2AC61CC5053100F4459F /* Info.plist */ = {isa = PBXFileReference; lastKnownFileType = text.plist.xml; path = Info.plist; sourceTree = "<group>"; };
		93374D9D1CC77744004F8F79 /* UIKit.framework */ = {isa = PBXFileReference; lastKnownFileType = wrapper.framework; name = UIKit.framework; path = System/Library/Frameworks/UIKit.framework; sourceTree = SDKROOT; };
		93374D9F1CC7774C004F8F79 /* Foundation.framework */ = {isa = PBXFileReference; lastKnownFileType = wrapper.framework; name = Foundation.framework; path = System/Library/Frameworks/Foundation.framework; sourceTree = SDKROOT; };
		93374DA11CC77753004F8F79 /* SystemConfiguration.framework */ = {isa = PBXFileReference; lastKnownFileType = wrapper.framework; name = SystemConfiguration.framework; path = System/Library/Frameworks/SystemConfiguration.framework; sourceTree = SDKROOT; };
		93374DA41CC77A85004F8F79 /* CardDeepLinkKit.bundle */ = {isa = PBXFileReference; fileEncoding = 4; lastKnownFileType = text; path = CardDeepLinkKit.bundle; sourceTree = "<group>"; };
		93374DB41CC7CCC8004F8F79 /* CardDeepLinkKit.framework */ = {isa = PBXFileReference; lastKnownFileType = wrapper.framework; name = CardDeepLinkKit.framework; path = Products/CardDeepLinkKit.framework; sourceTree = "<group>"; };
		93374DC21CC7D943004F8F79 /* UIColor.swift */ = {isa = PBXFileReference; fileEncoding = 4; lastKnownFileType = sourcecode.swift; path = UIColor.swift; sourceTree = "<group>"; };
		934B96401CCDFFF800A2D815 /* AlamofireCD.swift */ = {isa = PBXFileReference; fileEncoding = 4; lastKnownFileType = sourcecode.swift; path = AlamofireCD.swift; sourceTree = "<group>"; };
		934B96411CCDFFF800A2D815 /* Download.swift */ = {isa = PBXFileReference; fileEncoding = 4; lastKnownFileType = sourcecode.swift; path = Download.swift; sourceTree = "<group>"; };
		934B96421CCDFFF800A2D815 /* Error.swift */ = {isa = PBXFileReference; fileEncoding = 4; lastKnownFileType = sourcecode.swift; path = Error.swift; sourceTree = "<group>"; };
		934B96431CCDFFF800A2D815 /* Manager.swift */ = {isa = PBXFileReference; fileEncoding = 4; lastKnownFileType = sourcecode.swift; path = Manager.swift; sourceTree = "<group>"; };
		934B96441CCDFFF800A2D815 /* MultipartFormData.swift */ = {isa = PBXFileReference; fileEncoding = 4; lastKnownFileType = sourcecode.swift; path = MultipartFormData.swift; sourceTree = "<group>"; };
		934B96451CCDFFF800A2D815 /* ParameterEncoding.swift */ = {isa = PBXFileReference; fileEncoding = 4; lastKnownFileType = sourcecode.swift; path = ParameterEncoding.swift; sourceTree = "<group>"; };
		934B96461CCDFFF800A2D815 /* Request.swift */ = {isa = PBXFileReference; fileEncoding = 4; lastKnownFileType = sourcecode.swift; path = Request.swift; sourceTree = "<group>"; };
		934B96471CCDFFF800A2D815 /* Response.swift */ = {isa = PBXFileReference; fileEncoding = 4; lastKnownFileType = sourcecode.swift; path = Response.swift; sourceTree = "<group>"; };
		934B96481CCDFFF800A2D815 /* ResponseSerialization.swift */ = {isa = PBXFileReference; fileEncoding = 4; lastKnownFileType = sourcecode.swift; path = ResponseSerialization.swift; sourceTree = "<group>"; };
		934B96491CCDFFF800A2D815 /* Result.swift */ = {isa = PBXFileReference; fileEncoding = 4; lastKnownFileType = sourcecode.swift; path = Result.swift; sourceTree = "<group>"; };
		934B964A1CCDFFF800A2D815 /* ServerTrustPolicy.swift */ = {isa = PBXFileReference; fileEncoding = 4; lastKnownFileType = sourcecode.swift; path = ServerTrustPolicy.swift; sourceTree = "<group>"; };
		934B964B1CCDFFF800A2D815 /* Stream.swift */ = {isa = PBXFileReference; fileEncoding = 4; lastKnownFileType = sourcecode.swift; path = Stream.swift; sourceTree = "<group>"; };
		934B964C1CCDFFF800A2D815 /* Upload.swift */ = {isa = PBXFileReference; fileEncoding = 4; lastKnownFileType = sourcecode.swift; path = Upload.swift; sourceTree = "<group>"; };
		934B964D1CCDFFF800A2D815 /* Validation.swift */ = {isa = PBXFileReference; fileEncoding = 4; lastKnownFileType = sourcecode.swift; path = Validation.swift; sourceTree = "<group>"; };
		934B964F1CCDFFF800A2D815 /* SwiftyJSON.swift */ = {isa = PBXFileReference; fileEncoding = 4; lastKnownFileType = sourcecode.swift; path = SwiftyJSON.swift; sourceTree = "<group>"; };
		934B965F1CCE0BFE00A2D815 /* CardViewProtocol.swift */ = {isa = PBXFileReference; fileEncoding = 4; lastKnownFileType = sourcecode.swift; path = CardViewProtocol.swift; sourceTree = "<group>"; };
		9354D2261CC8973900814324 /* UILoadingView.swift */ = {isa = PBXFileReference; fileEncoding = 4; lastKnownFileType = sourcecode.swift; path = UILoadingView.swift; sourceTree = "<group>"; };
		9354D2281CC8977800814324 /* LoadingView.xib */ = {isa = PBXFileReference; fileEncoding = 4; lastKnownFileType = file.xib; path = LoadingView.xib; sourceTree = "<group>"; };
		9357EEDE1CC8713C00F1F2A2 /* CDVender.swift */ = {isa = PBXFileReference; fileEncoding = 4; lastKnownFileType = sourcecode.swift; path = CDVender.swift; sourceTree = "<group>"; };
		9357EEE01CC873FB00F1F2A2 /* CDModel.swift */ = {isa = PBXFileReference; fileEncoding = 4; lastKnownFileType = sourcecode.swift; path = CDModel.swift; sourceTree = "<group>"; };
		936E13571CC6200A00BA0FD0 /* NameSpace.swift */ = {isa = PBXFileReference; fileEncoding = 4; lastKnownFileType = sourcecode.swift; path = NameSpace.swift; sourceTree = "<group>"; };
		937811F01CC61EE3001BF260 /* CDDeepLink.swift */ = {isa = PBXFileReference; fileEncoding = 4; lastKnownFileType = sourcecode.swift; path = CDDeepLink.swift; sourceTree = "<group>"; };
		937811F61CC61F38001BF260 /* CardDeepLinkKitDemo.app */ = {isa = PBXFileReference; explicitFileType = wrapper.application; includeInIndex = 0; path = CardDeepLinkKitDemo.app; sourceTree = BUILT_PRODUCTS_DIR; };
		937811F81CC61F38001BF260 /* AppDelegate.swift */ = {isa = PBXFileReference; lastKnownFileType = sourcecode.swift; path = AppDelegate.swift; sourceTree = "<group>"; };
		937811FA1CC61F38001BF260 /* ViewController.swift */ = {isa = PBXFileReference; lastKnownFileType = sourcecode.swift; path = ViewController.swift; sourceTree = "<group>"; };
		937811FD1CC61F38001BF260 /* Base */ = {isa = PBXFileReference; lastKnownFileType = file.storyboard; name = Base; path = Base.lproj/Main.storyboard; sourceTree = "<group>"; };
		937811FF1CC61F38001BF260 /* Assets.xcassets */ = {isa = PBXFileReference; lastKnownFileType = folder.assetcatalog; path = Assets.xcassets; sourceTree = "<group>"; };
		937812021CC61F38001BF260 /* Base */ = {isa = PBXFileReference; lastKnownFileType = file.storyboard; name = Base; path = Base.lproj/LaunchScreen.storyboard; sourceTree = "<group>"; };
		937812041CC61F38001BF260 /* Info.plist */ = {isa = PBXFileReference; lastKnownFileType = text.plist.xml; path = Info.plist; sourceTree = "<group>"; };
		938694691CC6581800CCF864 /* CDMatchResult.swift */ = {isa = PBXFileReference; fileEncoding = 4; lastKnownFileType = sourcecode.swift; path = CDMatchResult.swift; sourceTree = "<group>"; };
		9386946A1CC6581800CCF864 /* CDRegularExpression.swift */ = {isa = PBXFileReference; fileEncoding = 4; lastKnownFileType = sourcecode.swift; path = CDRegularExpression.swift; sourceTree = "<group>"; };
		938C8B911CC87B4100E80887 /* UIImage.swift */ = {isa = PBXFileReference; fileEncoding = 4; lastKnownFileType = sourcecode.swift; path = UIImage.swift; sourceTree = "<group>"; };
		938C8B931CC87C9D00E80887 /* CardViewCell.swift */ = {isa = PBXFileReference; fileEncoding = 4; lastKnownFileType = sourcecode.swift; path = CardViewCell.swift; sourceTree = "<group>"; };
		938C8B951CC87F9900E80887 /* UIView.swift */ = {isa = PBXFileReference; fileEncoding = 4; lastKnownFileType = sourcecode.swift; path = UIView.swift; sourceTree = "<group>"; };
		93BA897A1CC6254800195C67 /* String.swift */ = {isa = PBXFileReference; fileEncoding = 4; lastKnownFileType = sourcecode.swift; path = String.swift; sourceTree = "<group>"; };
		93BA897D1CC628FF00195C67 /* CDApplication.swift */ = {isa = PBXFileReference; fileEncoding = 4; lastKnownFileType = sourcecode.swift; path = CDApplication.swift; sourceTree = "<group>"; };
		93BA897F1CC6308600195C67 /* CDRouteHandler.swift */ = {isa = PBXFileReference; fileEncoding = 4; lastKnownFileType = sourcecode.swift; path = CDRouteHandler.swift; sourceTree = "<group>"; };
		93BA89811CC630A500195C67 /* CDDeepLinkRouter.swift */ = {isa = PBXFileReference; fileEncoding = 4; lastKnownFileType = sourcecode.swift; path = CDDeepLinkRouter.swift; sourceTree = "<group>"; };
		93BA89831CC630BB00195C67 /* CDRouteMatcher.swift */ = {isa = PBXFileReference; fileEncoding = 4; lastKnownFileType = sourcecode.swift; path = CDRouteMatcher.swift; sourceTree = "<group>"; };
		93BA89871CC635B400195C67 /* Card.swift */ = {isa = PBXFileReference; fileEncoding = 4; lastKnownFileType = sourcecode.swift; path = Card.swift; sourceTree = "<group>"; };
		93BE5AD71CC610D100CC2B5A /* CDSenderDemo.app */ = {isa = PBXFileReference; explicitFileType = wrapper.application; includeInIndex = 0; path = CDSenderDemo.app; sourceTree = BUILT_PRODUCTS_DIR; };
		93C7CBB61CC7717A001B5D3F /* CardAlertView.swift */ = {isa = PBXFileReference; fileEncoding = 4; lastKnownFileType = sourcecode.swift; path = CardAlertView.swift; sourceTree = "<group>"; };
		93C7CBB81CC77481001B5D3F /* CardAlertView.xib */ = {isa = PBXFileReference; fileEncoding = 4; lastKnownFileType = file.xib; path = CardAlertView.xib; sourceTree = "<group>"; };
		CCDA3EA87D081ED0A0A95B84 /* Pods.debug.xcconfig */ = {isa = PBXFileReference; includeInIndex = 1; lastKnownFileType = text.xcconfig; name = Pods.debug.xcconfig; path = "Pods/Target Support Files/Pods/Pods.debug.xcconfig"; sourceTree = "<group>"; };
/* End PBXFileReference section */

/* Begin PBXFrameworksBuildPhase section */
		81EB2ABD1CC5053100F4459F /* Frameworks */ = {
			isa = PBXFrameworksBuildPhase;
			buildActionMask = 2147483647;
			files = (
				93374DA21CC77753004F8F79 /* SystemConfiguration.framework in Frameworks */,
				93374DA01CC7774C004F8F79 /* Foundation.framework in Frameworks */,
				93374D9E1CC77744004F8F79 /* UIKit.framework in Frameworks */,
			);
			runOnlyForDeploymentPostprocessing = 0;
		};
		937811F31CC61F38001BF260 /* Frameworks */ = {
			isa = PBXFrameworksBuildPhase;
			buildActionMask = 2147483647;
			files = (
			);
			runOnlyForDeploymentPostprocessing = 0;
		};
/* End PBXFrameworksBuildPhase section */

/* Begin PBXGroup section */
		3E51A8870AF2C42637A24FA2 /* Pods */ = {
			isa = PBXGroup;
			children = (
				CCDA3EA87D081ED0A0A95B84 /* Pods.debug.xcconfig */,
				00E5DB1BBD59CB8DF665EC7A /* Pods.release.xcconfig */,
			);
			name = Pods;
			sourceTree = "<group>";
		};
		81EB2AB71CC5053100F4459F = {
			isa = PBXGroup;
			children = (
				81EB2AC31CC5053100F4459F /* CardDeepLinkKit */,
				937811F71CC61F38001BF260 /* CardDeepLinkKitDemo */,
				81EB2AC21CC5053100F4459F /* Products */,
				3E51A8870AF2C42637A24FA2 /* Pods */,
				AF2EC5DC4F6C3D23B7835E31 /* Frameworks */,
			);
			sourceTree = "<group>";
		};
		81EB2AC21CC5053100F4459F /* Products */ = {
			isa = PBXGroup;
			children = (
				81EB2AC11CC5053100F4459F /* CardDeepLinkKit.framework */,
				93BE5AD71CC610D100CC2B5A /* CDSenderDemo.app */,
				937811F61CC61F38001BF260 /* CardDeepLinkKitDemo.app */,
			);
			name = Products;
			sourceTree = "<group>";
		};
		81EB2AC31CC5053100F4459F /* CardDeepLinkKit */ = {
			isa = PBXGroup;
			children = (
				934B963E1CCDFFF800A2D815 /* UIGitKit */,
				9357EEDD1CC8713100F1F2A2 /* Vender */,
				93374DA31CC77A85004F8F79 /* Resoures */,
				93BA89851CC6359100195C67 /* Regex */,
				93BA89861CC6359100195C67 /* View */,
				93BA897C1CC628E700195C67 /* Application */,
				937811BA1CC61601001BF260 /* Categories */,
				937811B61CC615D4001BF260 /* CardDeepLink */,
				937811B71CC615D4001BF260 /* RouteHandler */,
				937811B81CC615D4001BF260 /* Router */,
				937811B91CC615D4001BF260 /* RouterMatcher */,
				81EB2AC41CC5053100F4459F /* CardDeepLinkKit.h */,
				81EB2AC61CC5053100F4459F /* Info.plist */,
				936E13571CC6200A00BA0FD0 /* NameSpace.swift */,
			);
			path = CardDeepLinkKit;
			sourceTree = "<group>";
		};
		93374DA31CC77A85004F8F79 /* Resoures */ = {
			isa = PBXGroup;
			children = (
				93374DA41CC77A85004F8F79 /* CardDeepLinkKit.bundle */,
			);
			path = Resoures;
			sourceTree = "<group>";
		};
		934B963E1CCDFFF800A2D815 /* UIGitKit */ = {
			isa = PBXGroup;
			children = (
				934B963F1CCDFFF800A2D815 /* Alamofire */,
				934B964E1CCDFFF800A2D815 /* SwiftyJSON */,
			);
			path = UIGitKit;
			sourceTree = "<group>";
		};
		934B963F1CCDFFF800A2D815 /* Alamofire */ = {
			isa = PBXGroup;
			children = (
				934B96401CCDFFF800A2D815 /* AlamofireCD.swift */,
				934B96411CCDFFF800A2D815 /* Download.swift */,
				934B96421CCDFFF800A2D815 /* Error.swift */,
				934B96431CCDFFF800A2D815 /* Manager.swift */,
				934B96441CCDFFF800A2D815 /* MultipartFormData.swift */,
				934B96451CCDFFF800A2D815 /* ParameterEncoding.swift */,
				934B96461CCDFFF800A2D815 /* Request.swift */,
				934B96471CCDFFF800A2D815 /* Response.swift */,
				934B96481CCDFFF800A2D815 /* ResponseSerialization.swift */,
				934B96491CCDFFF800A2D815 /* Result.swift */,
				934B964A1CCDFFF800A2D815 /* ServerTrustPolicy.swift */,
				934B964B1CCDFFF800A2D815 /* Stream.swift */,
				934B964C1CCDFFF800A2D815 /* Upload.swift */,
				934B964D1CCDFFF800A2D815 /* Validation.swift */,
			);
			path = Alamofire;
			sourceTree = "<group>";
		};
		934B964E1CCDFFF800A2D815 /* SwiftyJSON */ = {
			isa = PBXGroup;
			children = (
				934B964F1CCDFFF800A2D815 /* SwiftyJSON.swift */,
			);
			path = SwiftyJSON;
			sourceTree = "<group>";
		};
		9357EEDD1CC8713100F1F2A2 /* Vender */ = {
			isa = PBXGroup;
			children = (
				9357EEDE1CC8713C00F1F2A2 /* CDVender.swift */,
				9357EEE01CC873FB00F1F2A2 /* CDModel.swift */,
			);
			path = Vender;
			sourceTree = "<group>";
		};
		937811B61CC615D4001BF260 /* CardDeepLink */ = {
			isa = PBXGroup;
			children = (
				8132B3761CCA162400153AF4 /* CDSender.swift */,
				937811F01CC61EE3001BF260 /* CDDeepLink.swift */,
			);
			name = CardDeepLink;
			path = DeepLink;
			sourceTree = "<group>";
		};
		937811B71CC615D4001BF260 /* RouteHandler */ = {
			isa = PBXGroup;
			children = (
				93BA897F1CC6308600195C67 /* CDRouteHandler.swift */,
			);
			path = RouteHandler;
			sourceTree = "<group>";
		};
		937811B81CC615D4001BF260 /* Router */ = {
			isa = PBXGroup;
			children = (
				93BA89811CC630A500195C67 /* CDDeepLinkRouter.swift */,
			);
			path = Router;
			sourceTree = "<group>";
		};
		937811B91CC615D4001BF260 /* RouterMatcher */ = {
			isa = PBXGroup;
			children = (
				93BA89831CC630BB00195C67 /* CDRouteMatcher.swift */,
			);
			path = RouterMatcher;
			sourceTree = "<group>";
		};
		937811BA1CC61601001BF260 /* Categories */ = {
			isa = PBXGroup;
			children = (
				93BA897A1CC6254800195C67 /* String.swift */,
				93374DC21CC7D943004F8F79 /* UIColor.swift */,
				938C8B911CC87B4100E80887 /* UIImage.swift */,
				938C8B951CC87F9900E80887 /* UIView.swift */,
				9354D2261CC8973900814324 /* UILoadingView.swift */,
				9354D2281CC8977800814324 /* LoadingView.xib */,
			);
			path = Categories;
			sourceTree = "<group>";
		};
		937811F71CC61F38001BF260 /* CardDeepLinkKitDemo */ = {
			isa = PBXGroup;
			children = (
				937811F81CC61F38001BF260 /* AppDelegate.swift */,
				937811FA1CC61F38001BF260 /* ViewController.swift */,
				937811FC1CC61F38001BF260 /* Main.storyboard */,
				937811FF1CC61F38001BF260 /* Assets.xcassets */,
				937812011CC61F38001BF260 /* LaunchScreen.storyboard */,
				937812041CC61F38001BF260 /* Info.plist */,
			);
			path = CardDeepLinkKitDemo;
			sourceTree = "<group>";
		};
		93BA897C1CC628E700195C67 /* Application */ = {
			isa = PBXGroup;
			children = (
				93BA897D1CC628FF00195C67 /* CDApplication.swift */,
			);
			path = Application;
			sourceTree = "<group>";
		};
		93BA89851CC6359100195C67 /* Regex */ = {
			isa = PBXGroup;
			children = (
				938694691CC6581800CCF864 /* CDMatchResult.swift */,
				9386946A1CC6581800CCF864 /* CDRegularExpression.swift */,
			);
			path = Regex;
			sourceTree = "<group>";
		};
		93BA89861CC6359100195C67 /* View */ = {
			isa = PBXGroup;
			children = (
				93BA89871CC635B400195C67 /* Card.swift */,
				93C7CBB61CC7717A001B5D3F /* CardAlertView.swift */,
				93C7CBB81CC77481001B5D3F /* CardAlertView.xib */,
				938C8B931CC87C9D00E80887 /* CardViewCell.swift */,
				934B965F1CCE0BFE00A2D815 /* CardViewProtocol.swift */,
			);
			path = View;
			sourceTree = "<group>";
		};
		AF2EC5DC4F6C3D23B7835E31 /* Frameworks */ = {
			isa = PBXGroup;
			children = (
				93374DB41CC7CCC8004F8F79 /* CardDeepLinkKit.framework */,
				93374DA11CC77753004F8F79 /* SystemConfiguration.framework */,
				93374D9F1CC7774C004F8F79 /* Foundation.framework */,
				93374D9D1CC77744004F8F79 /* UIKit.framework */,
			);
			name = Frameworks;
			sourceTree = "<group>";
		};
/* End PBXGroup section */

/* Begin PBXHeadersBuildPhase section */
		81EB2ABE1CC5053100F4459F /* Headers */ = {
			isa = PBXHeadersBuildPhase;
			buildActionMask = 2147483647;
			files = (
				81EB2AC51CC5053100F4459F /* CardDeepLinkKit.h in Headers */,
			);
			runOnlyForDeploymentPostprocessing = 0;
		};
/* End PBXHeadersBuildPhase section */

/* Begin PBXNativeTarget section */
		81EB2AC01CC5053100F4459F /* CardDeepLinkKit */ = {
			isa = PBXNativeTarget;
			buildConfigurationList = 81EB2AC91CC5053100F4459F /* Build configuration list for PBXNativeTarget "CardDeepLinkKit" */;
			buildPhases = (
				49A919B6311903583F355523 /* Check Pods Manifest.lock */,
				81EB2ABC1CC5053100F4459F /* Sources */,
				81EB2ABD1CC5053100F4459F /* Frameworks */,
				9354D22F1CC8AE5F00814324 /* CopyFiles */,
				81EB2ABE1CC5053100F4459F /* Headers */,
				81EB2ABF1CC5053100F4459F /* Resources */,
				84DD63AF3CBEAACFD5F7DC85 /* Copy Pods Resources */,
				93374DAB1CC77BEB004F8F79 /* ShellScript */,
			);
			buildRules = (
			);
			dependencies = (
			);
			name = CardDeepLinkKit;
			productName = CardDeepLinkKit;
			productReference = 81EB2AC11CC5053100F4459F /* CardDeepLinkKit.framework */;
			productType = "com.apple.product-type.framework";
		};
		937811F51CC61F38001BF260 /* CardDeepLinkKitDemo */ = {
			isa = PBXNativeTarget;
			buildConfigurationList = 937812051CC61F38001BF260 /* Build configuration list for PBXNativeTarget "CardDeepLinkKitDemo" */;
			buildPhases = (
				937811F21CC61F38001BF260 /* Sources */,
				937811F31CC61F38001BF260 /* Frameworks */,
				937811F41CC61F38001BF260 /* Resources */,
				9354D2331CC8AF6600814324 /* CopyFiles */,
			);
			buildRules = (
			);
			dependencies = (
			);
			name = CardDeepLinkKitDemo;
			productName = CardDeepLinkKitDemo;
			productReference = 937811F61CC61F38001BF260 /* CardDeepLinkKitDemo.app */;
			productType = "com.apple.product-type.application";
		};
/* End PBXNativeTarget section */

/* Begin PBXProject section */
		81EB2AB81CC5053100F4459F /* Project object */ = {
			isa = PBXProject;
			attributes = {
				LastSwiftUpdateCheck = 0720;
				LastUpgradeCheck = 0730;
				ORGANIZATIONNAME = AsiaInfo;
				TargetAttributes = {
					81EB2AC01CC5053100F4459F = {
						CreatedOnToolsVersion = 7.3;
					};
					937811F51CC61F38001BF260 = {
						CreatedOnToolsVersion = 7.2;
					};
				};
			};
			buildConfigurationList = 81EB2ABB1CC5053100F4459F /* Build configuration list for PBXProject "CardDeepLinkKit" */;
			compatibilityVersion = "Xcode 3.2";
			developmentRegion = English;
			hasScannedForEncodings = 0;
			knownRegions = (
				en,
				Base,
			);
			mainGroup = 81EB2AB71CC5053100F4459F;
			productRefGroup = 81EB2AC21CC5053100F4459F /* Products */;
			projectDirPath = "";
			projectRoot = "";
			targets = (
				81EB2AC01CC5053100F4459F /* CardDeepLinkKit */,
				937811F51CC61F38001BF260 /* CardDeepLinkKitDemo */,
			);
		};
/* End PBXProject section */

/* Begin PBXResourcesBuildPhase section */
		81EB2ABF1CC5053100F4459F /* Resources */ = {
			isa = PBXResourcesBuildPhase;
			buildActionMask = 2147483647;
			files = (
				9354D2291CC8977800814324 /* LoadingView.xib in Resources */,
				93374DA51CC77A85004F8F79 /* CardDeepLinkKit.bundle in Resources */,
				93C7CBB91CC77481001B5D3F /* CardAlertView.xib in Resources */,
			);
			runOnlyForDeploymentPostprocessing = 0;
		};
		937811F41CC61F38001BF260 /* Resources */ = {
			isa = PBXResourcesBuildPhase;
			buildActionMask = 2147483647;
			files = (
				937812031CC61F38001BF260 /* LaunchScreen.storyboard in Resources */,
				937812001CC61F38001BF260 /* Assets.xcassets in Resources */,
				937811FE1CC61F38001BF260 /* Main.storyboard in Resources */,
			);
			runOnlyForDeploymentPostprocessing = 0;
		};
/* End PBXResourcesBuildPhase section */

/* Begin PBXShellScriptBuildPhase section */
		49A919B6311903583F355523 /* Check Pods Manifest.lock */ = {
			isa = PBXShellScriptBuildPhase;
			buildActionMask = 2147483647;
			files = (
			);
			inputPaths = (
			);
			name = "Check Pods Manifest.lock";
			outputPaths = (
			);
			runOnlyForDeploymentPostprocessing = 0;
			shellPath = /bin/sh;
			shellScript = "#diff \"${PODS_ROOT}/../Podfile.lock\" \"${PODS_ROOT}/Manifest.lock\" > /dev/null\n#if [[ $? != 0 ]] ; then\n    cat << EOM\n#error: The sandbox is not in sync with the Podfile.lock. Run 'pod install' or update your CocoaPods installation.\n#EOM\n#    exit 1\n#fi\n";
			showEnvVarsInLog = 0;
		};
		84DD63AF3CBEAACFD5F7DC85 /* Copy Pods Resources */ = {
			isa = PBXShellScriptBuildPhase;
			buildActionMask = 2147483647;
			files = (
			);
			inputPaths = (
			);
			name = "Copy Pods Resources";
			outputPaths = (
			);
			runOnlyForDeploymentPostprocessing = 0;
			shellPath = /bin/sh;
			shellScript = "#\"${SRCROOT}/Pods/Target Support Files/Pods/Pods-resources.sh\"\n";
			showEnvVarsInLog = 0;
		};
		93374DAB1CC77BEB004F8F79 /* ShellScript */ = {
			isa = PBXShellScriptBuildPhase;
			buildActionMask = 2147483647;
			files = (
			);
			inputPaths = (
			);
			outputPaths = (
			);
			runOnlyForDeploymentPostprocessing = 0;
			shellPath = /bin/sh;
			shellScript = "RELEASE_DIR=${BUILD_DIR}\n\n#DEBUG_IMULLATOR_DIR_FRAME=${RELEASE_DIR}/Debug-iphonesimulator/${PROJECT_NAME}.framework\nDEBUG_DIR_FRAME=${RELEASE_DIR}/Debug-iphonesimulator/${PROJECT_NAME}.framework\n\nRELEASE_DIR_FRAME=${RELEASE_DIR}/Debug-iphoneos/${PROJECT_NAME}.framework\n\nPRO_BUNDLE_DIR=${PROJECT_DIR}/${PROJECT_NAME}/Resoures/CardDeepLinkKit.bundle\n\necho \"================ start ==================\"\necho \"${PRO_BUNDLE_DIR}\"\nBUNDLE_DIR=${DEBUG_DIR_FRAME}/CardDeepLinkKit.bundle\n\necho \"${RELEASE_DIR_FRAME} \"\necho \"${BUNDLE_DIR}\"\n\nINSTALL_DIR=${SRCROOT}/Products/\necho \"================ clear cache ==================\"\n# Cleaning the oldest.\nif [ -d \"${INSTALL_DIR}\" ]\nthen\nrm -rf \"${INSTALL_DIR}\"\nfi\necho \"================ mkdir path ==================\"\nmkdir -p \"${INSTALL_DIR}\"\n\necho \"================ do *.nib files ==================\"\n\nif [ -d \"${BUNDLE_DIR}\" ];then\nif ls ${DEBUG_DIR_FRAME}/*.nib >/dev/null 2>&1;then\n                         \n                         rm -rf ${BUNDLE_DIR}/*.nib\n                         \n                         rm -rf ${PRO_BUNDLE_DIR}/*.nib\n                         \n                         cp -rf ${DEBUG_DIR_FRAME}/*.nib ${BUNDLE_DIR}\n                         \n                         cp -rf ${DEBUG_DIR_FRAME}/*.nib ${PRO_BUNDLE_DIR}\n                         \n                         rm -rf ${DEBUG_DIR_FRAME}/*.nib\n                         \n                         \n                         # copy to bundle\n                         \n                         cp -rf ${DEBUG_DIR_FRAME} ${INSTALL_DIR}\n                         \n                         fi\n                         \n                         fi\n                         \n                         # copy framework to local path.\n                         \n                         echo \"================ finish shell. ==================\"\n                         #open \"${INSTALL_DIR}\"\n\n";
		};
/* End PBXShellScriptBuildPhase section */

/* Begin PBXSourcesBuildPhase section */
		81EB2ABC1CC5053100F4459F /* Sources */ = {
			isa = PBXSourcesBuildPhase;
			buildActionMask = 2147483647;
			files = (
				934B965B1CCDFFF800A2D815 /* Stream.swift in Sources */,
				934B96531CCDFFF800A2D815 /* Manager.swift in Sources */,
				934B96561CCDFFF800A2D815 /* Request.swift in Sources */,
				936E13581CC6200A00BA0FD0 /* NameSpace.swift in Sources */,
				8132B3771CCA162400153AF4 /* CDSender.swift in Sources */,
				93374DC31CC7D943004F8F79 /* UIColor.swift in Sources */,
				938C8B941CC87C9D00E80887 /* CardViewCell.swift in Sources */,
				93BA89881CC635B400195C67 /* Card.swift in Sources */,
				93BA89841CC630BB00195C67 /* CDRouteMatcher.swift in Sources */,
				934B96501CCDFFF800A2D815 /* AlamofireCD.swift in Sources */,
				934B96601CCE0BFE00A2D815 /* CardViewProtocol.swift in Sources */,
				9357EEE11CC873FB00F1F2A2 /* CDModel.swift in Sources */,
				937811F11CC61EE3001BF260 /* CDDeepLink.swift in Sources */,
				934B965C1CCDFFF800A2D815 /* Upload.swift in Sources */,
				934B965D1CCDFFF800A2D815 /* Validation.swift in Sources */,
				938C8B921CC87B4100E80887 /* UIImage.swift in Sources */,
				93BA89821CC630A500195C67 /* CDDeepLinkRouter.swift in Sources */,
				934B96571CCDFFF800A2D815 /* Response.swift in Sources */,
				93BA89801CC6308600195C67 /* CDRouteHandler.swift in Sources */,
				934B96511CCDFFF800A2D815 /* Download.swift in Sources */,
				93BA897B1CC6254800195C67 /* String.swift in Sources */,
				934B96521CCDFFF800A2D815 /* Error.swift in Sources */,
				9386946B1CC6581800CCF864 /* CDMatchResult.swift in Sources */,
				934B96581CCDFFF800A2D815 /* ResponseSerialization.swift in Sources */,
				934B96551CCDFFF800A2D815 /* ParameterEncoding.swift in Sources */,
				9386946C1CC6581800CCF864 /* CDRegularExpression.swift in Sources */,
				934B96541CCDFFF800A2D815 /* MultipartFormData.swift in Sources */,
				938C8B961CC87F9900E80887 /* UIView.swift in Sources */,
				934B96591CCDFFF800A2D815 /* Result.swift in Sources */,
				9354D2271CC8973900814324 /* UILoadingView.swift in Sources */,
				9357EEDF1CC8713C00F1F2A2 /* CDVender.swift in Sources */,
				934B965A1CCDFFF800A2D815 /* ServerTrustPolicy.swift in Sources */,
				934B965E1CCDFFF800A2D815 /* SwiftyJSON.swift in Sources */,
				93C7CBB71CC7717A001B5D3F /* CardAlertView.swift in Sources */,
				93BA897E1CC628FF00195C67 /* CDApplication.swift in Sources */,
			);
			runOnlyForDeploymentPostprocessing = 0;
		};
		937811F21CC61F38001BF260 /* Sources */ = {
			isa = PBXSourcesBuildPhase;
			buildActionMask = 2147483647;
			files = (
				937811FB1CC61F38001BF260 /* ViewController.swift in Sources */,
				937811F91CC61F38001BF260 /* AppDelegate.swift in Sources */,
			);
			runOnlyForDeploymentPostprocessing = 0;
		};
/* End PBXSourcesBuildPhase section */

/* Begin PBXVariantGroup section */
		937811FC1CC61F38001BF260 /* Main.storyboard */ = {
			isa = PBXVariantGroup;
			children = (
				937811FD1CC61F38001BF260 /* Base */,
			);
			name = Main.storyboard;
			sourceTree = "<group>";
		};
		937812011CC61F38001BF260 /* LaunchScreen.storyboard */ = {
			isa = PBXVariantGroup;
			children = (
				937812021CC61F38001BF260 /* Base */,
			);
			name = LaunchScreen.storyboard;
			sourceTree = "<group>";
		};
/* End PBXVariantGroup section */

/* Begin XCBuildConfiguration section */
		81EB2AC71CC5053100F4459F /* Debug */ = {
			isa = XCBuildConfiguration;
			buildSettings = {
				ALWAYS_SEARCH_USER_PATHS = NO;
				CLANG_ANALYZER_NONNULL = YES;
				CLANG_CXX_LANGUAGE_STANDARD = "gnu++0x";
				CLANG_CXX_LIBRARY = "libc++";
				CLANG_ENABLE_MODULES = YES;
				CLANG_ENABLE_OBJC_ARC = YES;
				CLANG_WARN_BOOL_CONVERSION = YES;
				CLANG_WARN_CONSTANT_CONVERSION = YES;
				CLANG_WARN_DIRECT_OBJC_ISA_USAGE = YES_ERROR;
				CLANG_WARN_EMPTY_BODY = YES;
				CLANG_WARN_ENUM_CONVERSION = YES;
				CLANG_WARN_INT_CONVERSION = YES;
				CLANG_WARN_OBJC_ROOT_CLASS = YES_ERROR;
				CLANG_WARN_UNREACHABLE_CODE = YES;
				CLANG_WARN__DUPLICATE_METHOD_MATCH = YES;
				"CODE_SIGN_IDENTITY[sdk=iphoneos*]" = "iPhone Developer";
				COPY_PHASE_STRIP = NO;
				CURRENT_PROJECT_VERSION = 1;
				DEBUG_INFORMATION_FORMAT = dwarf;
				ENABLE_STRICT_OBJC_MSGSEND = YES;
				ENABLE_TESTABILITY = YES;
				GCC_C_LANGUAGE_STANDARD = gnu99;
				GCC_DYNAMIC_NO_PIC = NO;
				GCC_NO_COMMON_BLOCKS = YES;
				GCC_OPTIMIZATION_LEVEL = 0;
				GCC_PREPROCESSOR_DEFINITIONS = (
					"DEBUG=1",
					"$(inherited)",
				);
				GCC_WARN_64_TO_32_BIT_CONVERSION = YES;
				GCC_WARN_ABOUT_RETURN_TYPE = YES_ERROR;
				GCC_WARN_UNDECLARED_SELECTOR = YES;
				GCC_WARN_UNINITIALIZED_AUTOS = YES_AGGRESSIVE;
				GCC_WARN_UNUSED_FUNCTION = YES;
				GCC_WARN_UNUSED_VARIABLE = YES;
				IPHONEOS_DEPLOYMENT_TARGET = 8.0;
				MTL_ENABLE_DEBUG_INFO = YES;
				ONLY_ACTIVE_ARCH = YES;
				SDKROOT = iphoneos;
				SWIFT_OBJC_BRIDGING_HEADER = "";
				SWIFT_OPTIMIZATION_LEVEL = "-Onone";
				TARGETED_DEVICE_FAMILY = "1,2";
				VERSIONING_SYSTEM = "apple-generic";
				VERSION_INFO_PREFIX = "";
			};
			name = Debug;
		};
		81EB2AC81CC5053100F4459F /* Release */ = {
			isa = XCBuildConfiguration;
			buildSettings = {
				ALWAYS_SEARCH_USER_PATHS = NO;
				CLANG_ANALYZER_NONNULL = YES;
				CLANG_CXX_LANGUAGE_STANDARD = "gnu++0x";
				CLANG_CXX_LIBRARY = "libc++";
				CLANG_ENABLE_MODULES = YES;
				CLANG_ENABLE_OBJC_ARC = YES;
				CLANG_WARN_BOOL_CONVERSION = YES;
				CLANG_WARN_CONSTANT_CONVERSION = YES;
				CLANG_WARN_DIRECT_OBJC_ISA_USAGE = YES_ERROR;
				CLANG_WARN_EMPTY_BODY = YES;
				CLANG_WARN_ENUM_CONVERSION = YES;
				CLANG_WARN_INT_CONVERSION = YES;
				CLANG_WARN_OBJC_ROOT_CLASS = YES_ERROR;
				CLANG_WARN_UNREACHABLE_CODE = YES;
				CLANG_WARN__DUPLICATE_METHOD_MATCH = YES;
				"CODE_SIGN_IDENTITY[sdk=iphoneos*]" = "iPhone Developer";
				COPY_PHASE_STRIP = NO;
				CURRENT_PROJECT_VERSION = 1;
				DEBUG_INFORMATION_FORMAT = "dwarf-with-dsym";
				ENABLE_NS_ASSERTIONS = NO;
				ENABLE_STRICT_OBJC_MSGSEND = YES;
				GCC_C_LANGUAGE_STANDARD = gnu99;
				GCC_NO_COMMON_BLOCKS = YES;
				GCC_WARN_64_TO_32_BIT_CONVERSION = YES;
				GCC_WARN_ABOUT_RETURN_TYPE = YES_ERROR;
				GCC_WARN_UNDECLARED_SELECTOR = YES;
				GCC_WARN_UNINITIALIZED_AUTOS = YES_AGGRESSIVE;
				GCC_WARN_UNUSED_FUNCTION = YES;
				GCC_WARN_UNUSED_VARIABLE = YES;
				IPHONEOS_DEPLOYMENT_TARGET = 8.0;
				MTL_ENABLE_DEBUG_INFO = NO;
				SDKROOT = iphoneos;
				SWIFT_OBJC_BRIDGING_HEADER = "";
				TARGETED_DEVICE_FAMILY = "1,2";
				VALIDATE_PRODUCT = YES;
				VERSIONING_SYSTEM = "apple-generic";
				VERSION_INFO_PREFIX = "";
			};
			name = Release;
		};
		81EB2ACA1CC5053100F4459F /* Debug */ = {
			isa = XCBuildConfiguration;
			buildSettings = {
				CLANG_ENABLE_MODULES = YES;
				DEBUG_INFORMATION_FORMAT = dwarf;
				DEFINES_MODULE = YES;
				DYLIB_COMPATIBILITY_VERSION = 1;
				DYLIB_CURRENT_VERSION = 1;
				DYLIB_INSTALL_NAME_BASE = "@rpath";
				EMBED_ASSET_PACKS_IN_PRODUCT_BUNDLE = NO;
				ENABLE_BITCODE = YES;
				FRAMEWORK_SEARCH_PATHS = "$(inherited)";
				INFOPLIST_FILE = CardDeepLinkKit/Info.plist;
				INSTALL_PATH = "$(LOCAL_LIBRARY_DIR)/Frameworks";
				IPHONEOS_DEPLOYMENT_TARGET = 8.0;
				LD_RUNPATH_SEARCH_PATHS = "$(inherited) @executable_path/Frameworks @loader_path/Frameworks";
				PRODUCT_BUNDLE_IDENTIFIER = com.asiainfo.CardDeepLinkKit;
				PRODUCT_NAME = CardDeepLinkKit;
				SKIP_INSTALL = YES;
				SWIFT_OBJC_BRIDGING_HEADER = "";
				SWIFT_OPTIMIZATION_LEVEL = "-Onone";
				TARGETED_DEVICE_FAMILY = "1,2";
			};
			name = Debug;
		};
		81EB2ACB1CC5053100F4459F /* Release */ = {
			isa = XCBuildConfiguration;
			buildSettings = {
				CLANG_ENABLE_MODULES = YES;
				DEFINES_MODULE = YES;
				DYLIB_COMPATIBILITY_VERSION = 1;
				DYLIB_CURRENT_VERSION = 1;
				DYLIB_INSTALL_NAME_BASE = "@rpath";
				EMBED_ASSET_PACKS_IN_PRODUCT_BUNDLE = NO;
				ENABLE_BITCODE = YES;
				FRAMEWORK_SEARCH_PATHS = "$(inherited)";
				INFOPLIST_FILE = CardDeepLinkKit/Info.plist;
				INSTALL_PATH = "$(LOCAL_LIBRARY_DIR)/Frameworks";
				IPHONEOS_DEPLOYMENT_TARGET = 8.0;
				LD_RUNPATH_SEARCH_PATHS = "$(inherited) @executable_path/Frameworks @loader_path/Frameworks";
				PRODUCT_BUNDLE_IDENTIFIER = com.asiainfo.CardDeepLinkKit;
				PRODUCT_NAME = CardDeepLinkKit;
				SKIP_INSTALL = YES;
				SWIFT_OBJC_BRIDGING_HEADER = "";
				TARGETED_DEVICE_FAMILY = "1,2";
			};
			name = Release;
		};
		937812061CC61F38001BF260 /* Debug */ = {
			isa = XCBuildConfiguration;
			buildSettings = {
				ASSETCATALOG_COMPILER_APPICON_NAME = AppIcon;
				ENABLE_BITCODE = YES;
				FRAMEWORK_SEARCH_PATHS = (
					"$(inherited)",
					"$(PROJECT_DIR)/build/Debug-iphoneos",
					"$(PROJECT_DIR)/Products",
				);
				INFOPLIST_FILE = CardDeepLinkKitDemo/Info.plist;
				IPHONEOS_DEPLOYMENT_TARGET = 8.0;
				LD_RUNPATH_SEARCH_PATHS = "$(inherited) @executable_path/Frameworks";
				PRODUCT_BUNDLE_IDENTIFIER = com.asiainfo.CardDeepLinkKitDemo;
				PRODUCT_NAME = "$(TARGET_NAME)";
			};
			name = Debug;
		};
		937812071CC61F38001BF260 /* Release */ = {
			isa = XCBuildConfiguration;
			buildSettings = {
				ASSETCATALOG_COMPILER_APPICON_NAME = AppIcon;
				ENABLE_BITCODE = YES;
				FRAMEWORK_SEARCH_PATHS = (
					"$(inherited)",
					"$(PROJECT_DIR)/build/Debug-iphoneos",
					"$(PROJECT_DIR)/Products",
				);
				INFOPLIST_FILE = CardDeepLinkKitDemo/Info.plist;
				IPHONEOS_DEPLOYMENT_TARGET = 8.0;
				LD_RUNPATH_SEARCH_PATHS = "$(inherited) @executable_path/Frameworks";
				PRODUCT_BUNDLE_IDENTIFIER = com.asiainfo.CardDeepLinkKitDemo;
				PRODUCT_NAME = "$(TARGET_NAME)";
			};
			name = Release;
		};
/* End XCBuildConfiguration section */

/* Begin XCConfigurationList section */
		81EB2ABB1CC5053100F4459F /* Build configuration list for PBXProject "CardDeepLinkKit" */ = {
			isa = XCConfigurationList;
			buildConfigurations = (
				81EB2AC71CC5053100F4459F /* Debug */,
				81EB2AC81CC5053100F4459F /* Release */,
			);
			defaultConfigurationIsVisible = 0;
			defaultConfigurationName = Release;
		};
		81EB2AC91CC5053100F4459F /* Build configuration list for PBXNativeTarget "CardDeepLinkKit" */ = {
			isa = XCConfigurationList;
			buildConfigurations = (
				81EB2ACA1CC5053100F4459F /* Debug */,
				81EB2ACB1CC5053100F4459F /* Release */,
			);
			defaultConfigurationIsVisible = 0;
			defaultConfigurationName = Release;
		};
		937812051CC61F38001BF260 /* Build configuration list for PBXNativeTarget "CardDeepLinkKitDemo" */ = {
			isa = XCConfigurationList;
			buildConfigurations = (
				937812061CC61F38001BF260 /* Debug */,
				937812071CC61F38001BF260 /* Release */,
			);
			defaultConfigurationIsVisible = 0;
			defaultConfigurationName = Release;
		};
/* End XCConfigurationList section */
	};
	rootObject = 81EB2AB81CC5053100F4459F /* Project object */;
}
